// !$*UTF8*$!
{
	archiveVersion = 1;
	classes = {
	};
	objectVersion = 46;
	objects = {

/* Begin PBXBuildFile section */
		1D3623260D0F684500981E51 /* ListMonsterAppDelegate.m in Sources */ = {isa = PBXBuildFile; fileRef = 1D3623250D0F684500981E51 /* ListMonsterAppDelegate.m */; };
		1D60589B0D05DD56006BFB54 /* main.m in Sources */ = {isa = PBXBuildFile; fileRef = 29B97316FDCFA39411CA2CEA /* main.m */; };
		1D60589F0D05DD5A006BFB54 /* Foundation.framework in Frameworks */ = {isa = PBXBuildFile; fileRef = 1D30AB110D05D00D00671497 /* Foundation.framework */; };
		1DF5F4E00D08C38300B7A737 /* UIKit.framework in Frameworks */ = {isa = PBXBuildFile; fileRef = 1DF5F4DF0D08C38300B7A737 /* UIKit.framework */; };
		288765FD0DF74451002DB57D /* CoreGraphics.framework in Frameworks */ = {isa = PBXBuildFile; fileRef = 288765FC0DF74451002DB57D /* CoreGraphics.framework */; };
		28AD733F0D9D9553002E5188 /* MainWindow.xib in Resources */ = {isa = PBXBuildFile; fileRef = 28AD733E0D9D9553002E5188 /* MainWindow.xib */; };
		491703B9145786750034437B /* Measure.m in Sources */ = {isa = PBXBuildFile; fileRef = 491703B8145786750034437B /* Measure.m */; };
		491EBE5112EB744D0084BFCB /* ListNameViewController.m in Sources */ = {isa = PBXBuildFile; fileRef = 491EBE4F12EB744D0084BFCB /* ListNameViewController.m */; };
		491EBE5212EB744D0084BFCB /* ListNameView.xib in Resources */ = {isa = PBXBuildFile; fileRef = 491EBE5012EB744D0084BFCB /* ListNameView.xib */; };
		49248F451659474300CD9995 /* bg-tableheader.png in Resources */ = {isa = PBXBuildFile; fileRef = 49248F431659474300CD9995 /* bg-tableheader.png */; };
		49248F461659474300CD9995 /* bg-tableheader@2x.png in Resources */ = {isa = PBXBuildFile; fileRef = 49248F441659474300CD9995 /* bg-tableheader@2x.png */; };
		49248F491659B61400CD9995 /* SwipeToEditCellTableViewController.m in Sources */ = {isa = PBXBuildFile; fileRef = 49248F481659B61400CD9995 /* SwipeToEditCellTableViewController.m */; };
		4937D80F1385930D00E7984D /* Backgrounds in Resources */ = {isa = PBXBuildFile; fileRef = 4937D7FD1385930D00E7984D /* Backgrounds */; };
		493AE0271656BA6C007994D1 /* CDOGeometry.m in Sources */ = {isa = PBXBuildFile; fileRef = 493AE0261656BA6C007994D1 /* CDOGeometry.m */; };
		493AE02A1656E751007994D1 /* btn-reorder.png in Resources */ = {isa = PBXBuildFile; fileRef = 493AE0281656E751007994D1 /* btn-reorder.png */; };
		493AE02B1656E751007994D1 /* btn-reorder@2x.png in Resources */ = {isa = PBXBuildFile; fileRef = 493AE0291656E751007994D1 /* btn-reorder@2x.png */; };
		493AE02E1656EAEB007994D1 /* btn-done.png in Resources */ = {isa = PBXBuildFile; fileRef = 493AE02C1656EAEB007994D1 /* btn-done.png */; };
		493AE02F1656EAEB007994D1 /* btn-done@2x.png in Resources */ = {isa = PBXBuildFile; fileRef = 493AE02D1656EAEB007994D1 /* btn-done@2x.png */; };
		4941A8591572FCD100EF158B /* NSString+EmptyString.m in Sources */ = {isa = PBXBuildFile; fileRef = 4941A8581572FCD100EF158B /* NSString+EmptyString.m */; };
		494844BA13F84DCF00445ED7 /* DisplayListNoteViewController.m in Sources */ = {isa = PBXBuildFile; fileRef = 494844B813F84DCF00445ED7 /* DisplayListNoteViewController.m */; };
		494844BE13F85F3A00445ED7 /* blueButton.png in Resources */ = {isa = PBXBuildFile; fileRef = 494844BD13F85F3A00445ED7 /* blueButton.png */; };
		4955B03C1323031500722C3F /* ListCell.m in Sources */ = {isa = PBXBuildFile; fileRef = 4955B03B1323031500722C3F /* ListCell.m */; };
		4955B03E1323033E00722C3F /* ListCell.xib in Resources */ = {isa = PBXBuildFile; fileRef = 4955B03D1323033E00722C3F /* ListCell.xib */; };
		4959AB0613104B460039ACAC /* EditTextViewController.m in Sources */ = {isa = PBXBuildFile; fileRef = 4959AB0413104B460039ACAC /* EditTextViewController.m */; };
		4959AB0713104B460039ACAC /* EditTextView.xib in Resources */ = {isa = PBXBuildFile; fileRef = 4959AB0513104B460039ACAC /* EditTextView.xib */; };
		495D8413130E088800933720 /* EditListItemViewController.m in Sources */ = {isa = PBXBuildFile; fileRef = 495D8412130E088800933720 /* EditListItemViewController.m */; };
		495DB43F1647425C001CD749 /* bg-complete.png in Resources */ = {isa = PBXBuildFile; fileRef = 495DB43D1647425C001CD749 /* bg-complete.png */; };
		495DB4401647425C001CD749 /* bg-complete@2x.png in Resources */ = {isa = PBXBuildFile; fileRef = 495DB43E1647425C001CD749 /* bg-complete@2x.png */; };
		495DB44316475357001CD749 /* bg-deletion.png in Resources */ = {isa = PBXBuildFile; fileRef = 495DB44116475357001CD749 /* bg-deletion.png */; };
		495DB44416475357001CD749 /* bg-deletion@2x.png in Resources */ = {isa = PBXBuildFile; fileRef = 495DB44216475357001CD749 /* bg-deletion@2x.png */; };
		495EABF913083F5700F4A64E /* ListItemsViewController.m in Sources */ = {isa = PBXBuildFile; fileRef = 495EABF713083F5700F4A64E /* ListItemsViewController.m */; };
		495EABFA13083F5700F4A64E /* ListItemsView.xib in Resources */ = {isa = PBXBuildFile; fileRef = 495EABF813083F5700F4A64E /* ListItemsView.xib */; };
		495EAC31130882E900F4A64E /* NSNumberExtensions.m in Sources */ = {isa = PBXBuildFile; fileRef = 495EAC30130882E900F4A64E /* NSNumberExtensions.m */; };
		495FE5FA13C3EF330074235B /* High.png in Resources */ = {isa = PBXBuildFile; fileRef = 495FE5F413C3EF330074235B /* High.png */; };
		495FE5FB13C3EF330074235B /* High@2x.png in Resources */ = {isa = PBXBuildFile; fileRef = 495FE5F513C3EF330074235B /* High@2x.png */; };
		495FE5FC13C3EF330074235B /* Low.png in Resources */ = {isa = PBXBuildFile; fileRef = 495FE5F613C3EF330074235B /* Low.png */; };
		495FE5FD13C3EF330074235B /* Low@2x.png in Resources */ = {isa = PBXBuildFile; fileRef = 495FE5F713C3EF330074235B /* Low@2x.png */; };
		495FE5FE13C3EF330074235B /* Normal.png in Resources */ = {isa = PBXBuildFile; fileRef = 495FE5F813C3EF330074235B /* Normal.png */; };
		495FE5FF13C3EF330074235B /* Normal@2x.png in Resources */ = {isa = PBXBuildFile; fileRef = 495FE5F913C3EF330074235B /* Normal@2x.png */; };
		4965E0221625070300631E13 /* btn-checkbox-checked.png in Resources */ = {isa = PBXBuildFile; fileRef = 4965E0201625070300631E13 /* btn-checkbox-checked.png */; };
		4965E0231625070300631E13 /* btn-checkbox-checked@2x.png in Resources */ = {isa = PBXBuildFile; fileRef = 4965E0211625070300631E13 /* btn-checkbox-checked@2x.png */; };
		496B7B341623A73C00EBE286 /* ThemeManager.m in Sources */ = {isa = PBXBuildFile; fileRef = 496B7B331623A73C00EBE286 /* ThemeManager.m */; };
		49700A5B1638BD43004DC7C4 /* _ListCategory.m in Sources */ = {isa = PBXBuildFile; fileRef = 49700A5A1638BD43004DC7C4 /* _ListCategory.m */; };
		49836D8D163619EC006F8A1E /* _ItemStash.m in Sources */ = {isa = PBXBuildFile; fileRef = 49836D83163619EC006F8A1E /* _ItemStash.m */; };
		49836D8E163619EC006F8A1E /* _ListColor.m in Sources */ = {isa = PBXBuildFile; fileRef = 49836D85163619EC006F8A1E /* _ListColor.m */; };
		49836D8F163619EC006F8A1E /* _Measure.m in Sources */ = {isa = PBXBuildFile; fileRef = 49836D87163619EC006F8A1E /* _Measure.m */; };
		49836D90163619EC006F8A1E /* _MetaList.m in Sources */ = {isa = PBXBuildFile; fileRef = 49836D89163619EC006F8A1E /* _MetaList.m */; };
		49836D91163619EC006F8A1E /* _MetaListItem.m in Sources */ = {isa = PBXBuildFile; fileRef = 49836D8B163619EC006F8A1E /* _MetaListItem.m */; };
		49851B3C14BA749800CBB385 /* TableHeaderView.m in Sources */ = {isa = PBXBuildFile; fileRef = 49851B3B14BA749800CBB385 /* TableHeaderView.m */; };
		498627991622548C0040858A /* Default-568h@2x.png in Resources */ = {isa = PBXBuildFile; fileRef = 498627981622548C0040858A /* Default-568h@2x.png */; };
		4986279F162259D40040858A /* bg-listmgt.png in Resources */ = {isa = PBXBuildFile; fileRef = 4986279B162259D40040858A /* bg-listmgt.png */; };
		498627A0162259D40040858A /* bg-main.png in Resources */ = {isa = PBXBuildFile; fileRef = 4986279C162259D40040858A /* bg-main.png */; };
		498627A1162259D40040858A /* btn-checkbox.png in Resources */ = {isa = PBXBuildFile; fileRef = 4986279D162259D40040858A /* btn-checkbox.png */; };
		498627A2162259D40040858A /* btn-checkbox@2x.png in Resources */ = {isa = PBXBuildFile; fileRef = 4986279E162259D40040858A /* btn-checkbox@2x.png */; };
		498885441458D42600FC3294 /* EditMeasureViewController.m in Sources */ = {isa = PBXBuildFile; fileRef = 498885421458D42600FC3294 /* EditMeasureViewController.m */; };
		498885451458D42600FC3294 /* EditMeasureView.xib in Resources */ = {isa = PBXBuildFile; fileRef = 498885431458D42600FC3294 /* EditMeasureView.xib */; };
		498D73B112EE5267001F9364 /* CategorySelectViewController.m in Sources */ = {isa = PBXBuildFile; fileRef = 498D73B012EE5267001F9364 /* CategorySelectViewController.m */; };
		498EE8BD144E570D00668052 /* radio-off.png in Resources */ = {isa = PBXBuildFile; fileRef = 498EE8BB144E570D00668052 /* radio-off.png */; };
		498EE8BE144E570D00668052 /* radio-on.png in Resources */ = {isa = PBXBuildFile; fileRef = 498EE8BC144E570D00668052 /* radio-on.png */; };
		498EE8C1144E572D00668052 /* radio-off@2x.png in Resources */ = {isa = PBXBuildFile; fileRef = 498EE8BF144E572D00668052 /* radio-off@2x.png */; };
		498EE8C2144E572D00668052 /* radio-on@2x.png in Resources */ = {isa = PBXBuildFile; fileRef = 498EE8C0144E572D00668052 /* radio-on@2x.png */; };
		499306A4135FB07300ECBE16 /* ReminderViewController.m in Sources */ = {isa = PBXBuildFile; fileRef = 499306A2135FB07300ECBE16 /* ReminderViewController.m */; };
		499306A5135FB07300ECBE16 /* ReminderView.xib in Resources */ = {isa = PBXBuildFile; fileRef = 499306A3135FB07300ECBE16 /* ReminderView.xib */; };
		499306AE135FB82C00ECBE16 /* days-en_US.plist in Resources */ = {isa = PBXBuildFile; fileRef = 499306AD135FB82C00ECBE16 /* days-en_US.plist */; };
		499B27CD13663AA700C4500C /* datetime_utils.m in Sources */ = {isa = PBXBuildFile; fileRef = 499B27CC13663AA700C4500C /* datetime_utils.m */; };
		499CDAED13356AA00099F3C9 /* redButton.png in Resources */ = {isa = PBXBuildFile; fileRef = 499CDAEB13356AA00099F3C9 /* redButton.png */; };
		499CDAEE13356AA00099F3C9 /* whiteButton.png in Resources */ = {isa = PBXBuildFile; fileRef = 499CDAEC13356AA00099F3C9 /* whiteButton.png */; };
		499F4E08133AC4920048D35B /* Icon.png in Resources */ = {isa = PBXBuildFile; fileRef = 499F4E06133AC4920048D35B /* Icon.png */; };
		499F4E09133AC4920048D35B /* Icon@2x.png in Resources */ = {isa = PBXBuildFile; fileRef = 499F4E07133AC4920048D35B /* Icon@2x.png */; };
		49A0205512E5256A005B1D0E /* EditListViewController.m in Sources */ = {isa = PBXBuildFile; fileRef = 49A0205412E5256A005B1D0E /* EditListViewController.m */; };
		49A3E31012ECBF0A0081D54A /* ColorSelectViewController.m in Sources */ = {isa = PBXBuildFile; fileRef = 49A3E30E12ECBF0A0081D54A /* ColorSelectViewController.m */; };
		49AD716F16640BFB001897D3 /* QuartzCore.framework in Frameworks */ = {isa = PBXBuildFile; fileRef = 49AD716E16640BFB001897D3 /* QuartzCore.framework */; };
		49AD718D1664173A001897D3 /* icon-help.png in Resources */ = {isa = PBXBuildFile; fileRef = 49AD71851664173A001897D3 /* icon-help.png */; };
		49AD718E1664173A001897D3 /* icon-help@2x.png in Resources */ = {isa = PBXBuildFile; fileRef = 49AD71861664173A001897D3 /* icon-help@2x.png */; };
		49AD718F1664173A001897D3 /* icon-ok.png in Resources */ = {isa = PBXBuildFile; fileRef = 49AD71871664173A001897D3 /* icon-ok.png */; };
		49AD71901664173A001897D3 /* icon-ok@2x.png in Resources */ = {isa = PBXBuildFile; fileRef = 49AD71881664173A001897D3 /* icon-ok@2x.png */; };
		49AD71971664174E001897D3 /* btn-bg-corner.png in Resources */ = {isa = PBXBuildFile; fileRef = 49AD71951664174E001897D3 /* btn-bg-corner.png */; };
		49AD71981664174E001897D3 /* btn-bg-corner@2x.png in Resources */ = {isa = PBXBuildFile; fileRef = 49AD71961664174E001897D3 /* btn-bg-corner@2x.png */; };
		49AD719B16641855001897D3 /* icon-ok-small.png in Resources */ = {isa = PBXBuildFile; fileRef = 49AD719916641855001897D3 /* icon-ok-small.png */; };
		49AD719C16641855001897D3 /* icon-ok-small@2x.png in Resources */ = {isa = PBXBuildFile; fileRef = 49AD719A16641855001897D3 /* icon-ok-small@2x.png */; };
		49AD7A4E12E380D9006E6AC6 /* ListCategory.m in Sources */ = {isa = PBXBuildFile; fileRef = 49AD7A4D12E380D9006E6AC6 /* ListCategory.m */; };
		49AD7A9012E39FF7006E6AC6 /* 0x000000.png in Resources */ = {isa = PBXBuildFile; fileRef = 49AD7A8812E39FF7006E6AC6 /* 0x000000.png */; };
		49AD7A9112E39FF7006E6AC6 /* 0x00b800.png in Resources */ = {isa = PBXBuildFile; fileRef = 49AD7A8912E39FF7006E6AC6 /* 0x00b800.png */; };
		49AD7A9212E39FF7006E6AC6 /* 0x0000ff.png in Resources */ = {isa = PBXBuildFile; fileRef = 49AD7A8A12E39FF7006E6AC6 /* 0x0000ff.png */; };
		49AD7A9312E39FF7006E6AC6 /* 0x009d9d.png in Resources */ = {isa = PBXBuildFile; fileRef = 49AD7A8B12E39FF7006E6AC6 /* 0x009d9d.png */; };
		49AD7A9412E39FF7006E6AC6 /* 0xb80000.png in Resources */ = {isa = PBXBuildFile; fileRef = 49AD7A8C12E39FF7006E6AC6 /* 0xb80000.png */; };
		49AD7A9512E39FF7006E6AC6 /* 0xc400c4.png in Resources */ = {isa = PBXBuildFile; fileRef = 49AD7A8D12E39FF7006E6AC6 /* 0xc400c4.png */; };
		49AD7A9612E39FF7006E6AC6 /* 0xe1a10b.png in Resources */ = {isa = PBXBuildFile; fileRef = 49AD7A8E12E39FF7006E6AC6 /* 0xe1a10b.png */; };
		49AD7A9712E39FF7006E6AC6 /* 0xff5c00.png in Resources */ = {isa = PBXBuildFile; fileRef = 49AD7A8F12E39FF7006E6AC6 /* 0xff5c00.png */; };
		49AD7B1B12E3DB45006E6AC6 /* Alerts.m in Sources */ = {isa = PBXBuildFile; fileRef = 49AD7B1A12E3DB45006E6AC6 /* Alerts.m */; };
		49BCF2FF134E9884009A48DC /* listmonster.sqlite in Resources */ = {isa = PBXBuildFile; fileRef = 49BCF2FE134E9884009A48DC /* listmonster.sqlite */; };
		49BEEBD312EBC3680088707A /* ListColor.m in Sources */ = {isa = PBXBuildFile; fileRef = 49BEEBD212EBC3680088707A /* ListColor.m */; };
		49C56BCD1665A4A400BCFAD3 /* icon-hide-completed.png in Resources */ = {isa = PBXBuildFile; fileRef = 49C56BC91665A4A400BCFAD3 /* icon-hide-completed.png */; };
		49C56BCE1665A4A400BCFAD3 /* icon-hide-completed@2x.png in Resources */ = {isa = PBXBuildFile; fileRef = 49C56BCA1665A4A400BCFAD3 /* icon-hide-completed@2x.png */; };
		49C56BCF1665A4A400BCFAD3 /* icon-show-all.png in Resources */ = {isa = PBXBuildFile; fileRef = 49C56BCB1665A4A400BCFAD3 /* icon-show-all.png */; };
		49C56BD01665A4A400BCFAD3 /* icon-show-all@2x.png in Resources */ = {isa = PBXBuildFile; fileRef = 49C56BCC1665A4A400BCFAD3 /* icon-show-all@2x.png */; };
		49C68AA215279CD0007A062F /* btn-add.png in Resources */ = {isa = PBXBuildFile; fileRef = 49C68A9E15279CD0007A062F /* btn-add.png */; };
		49C68AA315279CD0007A062F /* btn-add@2x.png in Resources */ = {isa = PBXBuildFile; fileRef = 49C68A9F15279CD0007A062F /* btn-add@2x.png */; };
		49C68AA415279CD0007A062F /* btn-remove.png in Resources */ = {isa = PBXBuildFile; fileRef = 49C68AA015279CD0007A062F /* btn-remove.png */; };
		49C68AA515279CD0007A062F /* btn-remove@2x.png in Resources */ = {isa = PBXBuildFile; fileRef = 49C68AA115279CD0007A062F /* btn-remove@2x.png */; };
		49C7BFE5136AF7ED003F3FAA /* EditNumberViewController.m in Sources */ = {isa = PBXBuildFile; fileRef = 49C7BFE3136AF7ED003F3FAA /* EditNumberViewController.m */; };
		49C7BFE6136AF7ED003F3FAA /* EditNumberView.xib in Resources */ = {isa = PBXBuildFile; fileRef = 49C7BFE4136AF7ED003F3FAA /* EditNumberView.xib */; };
		49C802F61496E5E20012C32E /* ListMonster.xcdatamodeld in Sources */ = {isa = PBXBuildFile; fileRef = 49C802F31496E5E20012C32E /* ListMonster.xcdatamodeld */; };
		49C94293134FAB640045D4F6 /* EditNoteViewController.m in Sources */ = {isa = PBXBuildFile; fileRef = 49C94291134FAB640045D4F6 /* EditNoteViewController.m */; };
		49C94294134FAB640045D4F6 /* EditNoteView.xib in Resources */ = {isa = PBXBuildFile; fileRef = 49C94292134FAB640045D4F6 /* EditNoteView.xib */; };
		49D225C014C4FA09009D9769 /* iTunesArtwork in Resources */ = {isa = PBXBuildFile; fileRef = 49D225BF14C4FA09009D9769 /* iTunesArtwork */; };
		49D225C214C5103C009D9769 /* Default.png in Resources */ = {isa = PBXBuildFile; fileRef = 49D225C114C5103C009D9769 /* Default.png */; };
		49D225C414C512BD009D9769 /* Default@2x.png in Resources */ = {isa = PBXBuildFile; fileRef = 49D225C314C512BD009D9769 /* Default@2x.png */; };
		49D30EAD13B7CA8400CA8019 /* EditListItemView.xib in Resources */ = {isa = PBXBuildFile; fileRef = 49D30EAC13B7CA8400CA8019 /* EditListItemView.xib */; };
		49DE1AF31362563C00D27543 /* Tuple.m in Sources */ = {isa = PBXBuildFile; fileRef = 49DE1AF21362563C00D27543 /* Tuple.m */; };
		49E75315163F401B00603F90 /* bg-btn-delete.png in Resources */ = {isa = PBXBuildFile; fileRef = 49E75313163F401B00603F90 /* bg-btn-delete.png */; };
		49E75316163F401B00603F90 /* bg-btn-delete@2x.png in Resources */ = {isa = PBXBuildFile; fileRef = 49E75314163F401B00603F90 /* bg-btn-delete@2x.png */; };
		49EAC1DA131AED39003738FD /* EditCategoryViewController.m in Sources */ = {isa = PBXBuildFile; fileRef = 49EAC1D8131AED39003738FD /* EditCategoryViewController.m */; };
		49EAC1DB131AED39003738FD /* EditCategoryView.xib in Resources */ = {isa = PBXBuildFile; fileRef = 49EAC1D9131AED39003738FD /* EditCategoryView.xib */; };
		49F180E312C914340066B454 /* CoreData.framework in Frameworks */ = {isa = PBXBuildFile; fileRef = 49F180E212C914340066B454 /* CoreData.framework */; };
		49F180ED12C91CA40066B454 /* MetaListItem.m in Sources */ = {isa = PBXBuildFile; fileRef = 49F180EC12C91CA40066B454 /* MetaListItem.m */; };
		49F180F012C920AD0066B454 /* MetaList.m in Sources */ = {isa = PBXBuildFile; fileRef = 49F180EF12C920AD0066B454 /* MetaList.m */; };
		49F1812312C9364E0066B454 /* NSArrayExtensions.m in Sources */ = {isa = PBXBuildFile; fileRef = 49F1812212C9364E0066B454 /* NSArrayExtensions.m */; };
		49F1812612C9366A0066B454 /* NSStringExtensions.m in Sources */ = {isa = PBXBuildFile; fileRef = 49F1812512C9366A0066B454 /* NSStringExtensions.m */; };
		49F1814B12C958F20066B454 /* RootViewController.m in Sources */ = {isa = PBXBuildFile; fileRef = 49F1814912C958F20066B454 /* RootViewController.m */; };
		49F1814E12C959B50066B454 /* RootView.xib in Resources */ = {isa = PBXBuildFile; fileRef = 49F1814D12C959B50066B454 /* RootView.xib */; };
		49FDFF3E135233A400F6A3DA /* ItemStash.m in Sources */ = {isa = PBXBuildFile; fileRef = 49FDFF3D135233A400F6A3DA /* ItemStash.m */; };
/* End PBXBuildFile section */

/* Begin PBXFileReference section */
		1D30AB110D05D00D00671497 /* Foundation.framework */ = {isa = PBXFileReference; lastKnownFileType = wrapper.framework; name = Foundation.framework; path = System/Library/Frameworks/Foundation.framework; sourceTree = SDKROOT; };
		1D3623240D0F684500981E51 /* ListMonsterAppDelegate.h */ = {isa = PBXFileReference; fileEncoding = 4; lastKnownFileType = sourcecode.c.h; path = ListMonsterAppDelegate.h; sourceTree = "<group>"; };
		1D3623250D0F684500981E51 /* ListMonsterAppDelegate.m */ = {isa = PBXFileReference; fileEncoding = 4; lastKnownFileType = sourcecode.c.objc; path = ListMonsterAppDelegate.m; sourceTree = "<group>"; };
		1D6058910D05DD3D006BFB54 /* SnapList.app */ = {isa = PBXFileReference; explicitFileType = wrapper.application; includeInIndex = 0; path = SnapList.app; sourceTree = BUILT_PRODUCTS_DIR; };
		1DF5F4DF0D08C38300B7A737 /* UIKit.framework */ = {isa = PBXFileReference; lastKnownFileType = wrapper.framework; name = UIKit.framework; path = System/Library/Frameworks/UIKit.framework; sourceTree = SDKROOT; };
		288765FC0DF74451002DB57D /* CoreGraphics.framework */ = {isa = PBXFileReference; lastKnownFileType = wrapper.framework; name = CoreGraphics.framework; path = System/Library/Frameworks/CoreGraphics.framework; sourceTree = SDKROOT; };
		28AD733E0D9D9553002E5188 /* MainWindow.xib */ = {isa = PBXFileReference; lastKnownFileType = file.xib; path = MainWindow.xib; sourceTree = "<group>"; };
		29B97316FDCFA39411CA2CEA /* main.m */ = {isa = PBXFileReference; fileEncoding = 4; lastKnownFileType = sourcecode.c.objc; path = main.m; sourceTree = "<group>"; };
		32CA4F630368D1EE00C91783 /* ListMonster_Prefix.pch */ = {isa = PBXFileReference; fileEncoding = 4; lastKnownFileType = sourcecode.c.h; path = ListMonster_Prefix.pch; sourceTree = "<group>"; };
		491703B7145786750034437B /* Measure.h */ = {isa = PBXFileReference; fileEncoding = 4; lastKnownFileType = sourcecode.c.h; path = Measure.h; sourceTree = "<group>"; };
		491703B8145786750034437B /* Measure.m */ = {isa = PBXFileReference; fileEncoding = 4; lastKnownFileType = sourcecode.c.objc; path = Measure.m; sourceTree = "<group>"; };
		491EBE4E12EB744D0084BFCB /* ListNameViewController.h */ = {isa = PBXFileReference; fileEncoding = 4; lastKnownFileType = sourcecode.c.h; path = ListNameViewController.h; sourceTree = "<group>"; };
		491EBE4F12EB744D0084BFCB /* ListNameViewController.m */ = {isa = PBXFileReference; fileEncoding = 4; lastKnownFileType = sourcecode.c.objc; path = ListNameViewController.m; sourceTree = "<group>"; };
		491EBE5012EB744D0084BFCB /* ListNameView.xib */ = {isa = PBXFileReference; lastKnownFileType = file.xib; name = ListNameView.xib; path = Classes/ListNameView.xib; sourceTree = "<group>"; };
		49248F431659474300CD9995 /* bg-tableheader.png */ = {isa = PBXFileReference; lastKnownFileType = image.png; path = "bg-tableheader.png"; sourceTree = "<group>"; };
		49248F441659474300CD9995 /* bg-tableheader@2x.png */ = {isa = PBXFileReference; lastKnownFileType = image.png; path = "bg-tableheader@2x.png"; sourceTree = "<group>"; };
		49248F471659B61400CD9995 /* SwipeToEditCellTableViewController.h */ = {isa = PBXFileReference; fileEncoding = 4; lastKnownFileType = sourcecode.c.h; path = SwipeToEditCellTableViewController.h; sourceTree = "<group>"; };
		49248F481659B61400CD9995 /* SwipeToEditCellTableViewController.m */ = {isa = PBXFileReference; fileEncoding = 4; lastKnownFileType = sourcecode.c.objc; path = SwipeToEditCellTableViewController.m; sourceTree = "<group>"; };
		4937D7FD1385930D00E7984D /* Backgrounds */ = {isa = PBXFileReference; lastKnownFileType = folder; path = Backgrounds; sourceTree = "<group>"; };
		493AE0251656BA6C007994D1 /* CDOGeometry.h */ = {isa = PBXFileReference; fileEncoding = 4; lastKnownFileType = sourcecode.c.h; path = CDOGeometry.h; sourceTree = "<group>"; };
		493AE0261656BA6C007994D1 /* CDOGeometry.m */ = {isa = PBXFileReference; fileEncoding = 4; lastKnownFileType = sourcecode.c.objc; path = CDOGeometry.m; sourceTree = "<group>"; };
		493AE0281656E751007994D1 /* btn-reorder.png */ = {isa = PBXFileReference; lastKnownFileType = image.png; path = "btn-reorder.png"; sourceTree = "<group>"; };
		493AE0291656E751007994D1 /* btn-reorder@2x.png */ = {isa = PBXFileReference; lastKnownFileType = image.png; path = "btn-reorder@2x.png"; sourceTree = "<group>"; };
		493AE02C1656EAEB007994D1 /* btn-done.png */ = {isa = PBXFileReference; lastKnownFileType = image.png; path = "btn-done.png"; sourceTree = "<group>"; };
		493AE02D1656EAEB007994D1 /* btn-done@2x.png */ = {isa = PBXFileReference; lastKnownFileType = image.png; path = "btn-done@2x.png"; sourceTree = "<group>"; };
		4941A8571572FCD100EF158B /* NSString+EmptyString.h */ = {isa = PBXFileReference; fileEncoding = 4; lastKnownFileType = sourcecode.c.h; path = "NSString+EmptyString.h"; sourceTree = "<group>"; };
		4941A8581572FCD100EF158B /* NSString+EmptyString.m */ = {isa = PBXFileReference; fileEncoding = 4; lastKnownFileType = sourcecode.c.objc; path = "NSString+EmptyString.m"; sourceTree = "<group>"; };
		494844B713F84DCF00445ED7 /* DisplayListNoteViewController.h */ = {isa = PBXFileReference; fileEncoding = 4; lastKnownFileType = sourcecode.c.h; path = DisplayListNoteViewController.h; sourceTree = "<group>"; };
		494844B813F84DCF00445ED7 /* DisplayListNoteViewController.m */ = {isa = PBXFileReference; fileEncoding = 4; lastKnownFileType = sourcecode.c.objc; path = DisplayListNoteViewController.m; sourceTree = "<group>"; };
		494844BD13F85F3A00445ED7 /* blueButton.png */ = {isa = PBXFileReference; lastKnownFileType = image.png; path = blueButton.png; sourceTree = "<group>"; };
		4955B03A1323031500722C3F /* ListCell.h */ = {isa = PBXFileReference; fileEncoding = 4; lastKnownFileType = sourcecode.c.h; path = ListCell.h; sourceTree = "<group>"; };
		4955B03B1323031500722C3F /* ListCell.m */ = {isa = PBXFileReference; fileEncoding = 4; lastKnownFileType = sourcecode.c.objc; path = ListCell.m; sourceTree = "<group>"; };
		4955B03D1323033E00722C3F /* ListCell.xib */ = {isa = PBXFileReference; lastKnownFileType = file.xib; path = ListCell.xib; sourceTree = "<group>"; };
		4959AB0313104B460039ACAC /* EditTextViewController.h */ = {isa = PBXFileReference; fileEncoding = 4; lastKnownFileType = sourcecode.c.h; path = EditTextViewController.h; sourceTree = "<group>"; };
		4959AB0413104B460039ACAC /* EditTextViewController.m */ = {isa = PBXFileReference; fileEncoding = 4; lastKnownFileType = sourcecode.c.objc; path = EditTextViewController.m; sourceTree = "<group>"; };
		4959AB0513104B460039ACAC /* EditTextView.xib */ = {isa = PBXFileReference; lastKnownFileType = file.xib; name = EditTextView.xib; path = Classes/EditTextView.xib; sourceTree = "<group>"; };
		495D5BE114BA8DDF0028E520 /* ListMonster 3.xcdatamodel */ = {isa = PBXFileReference; lastKnownFileType = wrapper.xcdatamodel; path = "ListMonster 3.xcdatamodel"; sourceTree = "<group>"; };
		495D8411130E088800933720 /* EditListItemViewController.h */ = {isa = PBXFileReference; fileEncoding = 4; lastKnownFileType = sourcecode.c.h; path = EditListItemViewController.h; sourceTree = "<group>"; };
		495D8412130E088800933720 /* EditListItemViewController.m */ = {isa = PBXFileReference; fileEncoding = 4; lastKnownFileType = sourcecode.c.objc; path = EditListItemViewController.m; sourceTree = "<group>"; };
		495DB43D1647425C001CD749 /* bg-complete.png */ = {isa = PBXFileReference; lastKnownFileType = image.png; path = "bg-complete.png"; sourceTree = "<group>"; };
		495DB43E1647425C001CD749 /* bg-complete@2x.png */ = {isa = PBXFileReference; lastKnownFileType = image.png; path = "bg-complete@2x.png"; sourceTree = "<group>"; };
		495DB44116475357001CD749 /* bg-deletion.png */ = {isa = PBXFileReference; lastKnownFileType = image.png; path = "bg-deletion.png"; sourceTree = "<group>"; };
		495DB44216475357001CD749 /* bg-deletion@2x.png */ = {isa = PBXFileReference; lastKnownFileType = image.png; path = "bg-deletion@2x.png"; sourceTree = "<group>"; };
		495EABF613083F5700F4A64E /* ListItemsViewController.h */ = {isa = PBXFileReference; fileEncoding = 4; lastKnownFileType = sourcecode.c.h; path = ListItemsViewController.h; sourceTree = "<group>"; };
		495EABF713083F5700F4A64E /* ListItemsViewController.m */ = {isa = PBXFileReference; fileEncoding = 4; lastKnownFileType = sourcecode.c.objc; path = ListItemsViewController.m; sourceTree = "<group>"; };
		495EABF813083F5700F4A64E /* ListItemsView.xib */ = {isa = PBXFileReference; lastKnownFileType = file.xib; name = ListItemsView.xib; path = Classes/ListItemsView.xib; sourceTree = "<group>"; };
		495EAC2F130882E900F4A64E /* NSNumberExtensions.h */ = {isa = PBXFileReference; fileEncoding = 4; lastKnownFileType = sourcecode.c.h; path = NSNumberExtensions.h; sourceTree = "<group>"; };
		495EAC30130882E900F4A64E /* NSNumberExtensions.m */ = {isa = PBXFileReference; fileEncoding = 4; lastKnownFileType = sourcecode.c.objc; path = NSNumberExtensions.m; sourceTree = "<group>"; };
		495FE5F413C3EF330074235B /* High.png */ = {isa = PBXFileReference; lastKnownFileType = image.png; path = High.png; sourceTree = "<group>"; };
		495FE5F513C3EF330074235B /* High@2x.png */ = {isa = PBXFileReference; lastKnownFileType = image.png; path = "High@2x.png"; sourceTree = "<group>"; };
		495FE5F613C3EF330074235B /* Low.png */ = {isa = PBXFileReference; lastKnownFileType = image.png; path = Low.png; sourceTree = "<group>"; };
		495FE5F713C3EF330074235B /* Low@2x.png */ = {isa = PBXFileReference; lastKnownFileType = image.png; path = "Low@2x.png"; sourceTree = "<group>"; };
		495FE5F813C3EF330074235B /* Normal.png */ = {isa = PBXFileReference; lastKnownFileType = image.png; path = Normal.png; sourceTree = "<group>"; };
		495FE5F913C3EF330074235B /* Normal@2x.png */ = {isa = PBXFileReference; lastKnownFileType = image.png; path = "Normal@2x.png"; sourceTree = "<group>"; };
		4965E0201625070300631E13 /* btn-checkbox-checked.png */ = {isa = PBXFileReference; lastKnownFileType = image.png; path = "btn-checkbox-checked.png"; sourceTree = "<group>"; };
		4965E0211625070300631E13 /* btn-checkbox-checked@2x.png */ = {isa = PBXFileReference; lastKnownFileType = image.png; path = "btn-checkbox-checked@2x.png"; sourceTree = "<group>"; };
		496B7B321623A73C00EBE286 /* ThemeManager.h */ = {isa = PBXFileReference; fileEncoding = 4; lastKnownFileType = sourcecode.c.h; name = ThemeManager.h; path = Classes/ThemeManager.h; sourceTree = "<group>"; };
		496B7B331623A73C00EBE286 /* ThemeManager.m */ = {isa = PBXFileReference; fileEncoding = 4; lastKnownFileType = sourcecode.c.objc; name = ThemeManager.m; path = Classes/ThemeManager.m; sourceTree = "<group>"; };
		49700A591638BD43004DC7C4 /* _ListCategory.h */ = {isa = PBXFileReference; fileEncoding = 4; lastKnownFileType = sourcecode.c.h; path = _ListCategory.h; sourceTree = "<group>"; };
		49700A5A1638BD43004DC7C4 /* _ListCategory.m */ = {isa = PBXFileReference; fileEncoding = 4; lastKnownFileType = sourcecode.c.objc; path = _ListCategory.m; sourceTree = "<group>"; };
		497D8A591516689800FE4BAE /* ListMonster 4.xcdatamodel */ = {isa = PBXFileReference; lastKnownFileType = wrapper.xcdatamodel; path = "ListMonster 4.xcdatamodel"; sourceTree = "<group>"; };
		49836D82163619EC006F8A1E /* _ItemStash.h */ = {isa = PBXFileReference; fileEncoding = 4; lastKnownFileType = sourcecode.c.h; path = _ItemStash.h; sourceTree = "<group>"; };
		49836D83163619EC006F8A1E /* _ItemStash.m */ = {isa = PBXFileReference; fileEncoding = 4; lastKnownFileType = sourcecode.c.objc; path = _ItemStash.m; sourceTree = "<group>"; };
		49836D84163619EC006F8A1E /* _ListColor.h */ = {isa = PBXFileReference; fileEncoding = 4; lastKnownFileType = sourcecode.c.h; path = _ListColor.h; sourceTree = "<group>"; };
		49836D85163619EC006F8A1E /* _ListColor.m */ = {isa = PBXFileReference; fileEncoding = 4; lastKnownFileType = sourcecode.c.objc; path = _ListColor.m; sourceTree = "<group>"; };
		49836D86163619EC006F8A1E /* _Measure.h */ = {isa = PBXFileReference; fileEncoding = 4; lastKnownFileType = sourcecode.c.h; path = _Measure.h; sourceTree = "<group>"; };
		49836D87163619EC006F8A1E /* _Measure.m */ = {isa = PBXFileReference; fileEncoding = 4; lastKnownFileType = sourcecode.c.objc; path = _Measure.m; sourceTree = "<group>"; };
		49836D88163619EC006F8A1E /* _MetaList.h */ = {isa = PBXFileReference; fileEncoding = 4; lastKnownFileType = sourcecode.c.h; path = _MetaList.h; sourceTree = "<group>"; };
		49836D89163619EC006F8A1E /* _MetaList.m */ = {isa = PBXFileReference; fileEncoding = 4; lastKnownFileType = sourcecode.c.objc; path = _MetaList.m; sourceTree = "<group>"; };
		49836D8A163619EC006F8A1E /* _MetaListItem.h */ = {isa = PBXFileReference; fileEncoding = 4; lastKnownFileType = sourcecode.c.h; path = _MetaListItem.h; sourceTree = "<group>"; };
		49836D8B163619EC006F8A1E /* _MetaListItem.m */ = {isa = PBXFileReference; fileEncoding = 4; lastKnownFileType = sourcecode.c.objc; path = _MetaListItem.m; sourceTree = "<group>"; };
		49836D9216362005006F8A1E /* ListMonster 6.xcdatamodel */ = {isa = PBXFileReference; lastKnownFileType = wrapper.xcdatamodel; path = "ListMonster 6.xcdatamodel"; sourceTree = "<group>"; };
		49851B3A14BA749800CBB385 /* TableHeaderView.h */ = {isa = PBXFileReference; fileEncoding = 4; lastKnownFileType = sourcecode.c.h; path = TableHeaderView.h; sourceTree = "<group>"; };
		49851B3B14BA749800CBB385 /* TableHeaderView.m */ = {isa = PBXFileReference; fileEncoding = 4; lastKnownFileType = sourcecode.c.objc; path = TableHeaderView.m; sourceTree = "<group>"; };
		498627981622548C0040858A /* Default-568h@2x.png */ = {isa = PBXFileReference; lastKnownFileType = image.png; path = "Default-568h@2x.png"; sourceTree = "<group>"; };
		4986279B162259D40040858A /* bg-listmgt.png */ = {isa = PBXFileReference; lastKnownFileType = image.png; path = "bg-listmgt.png"; sourceTree = "<group>"; };
		4986279C162259D40040858A /* bg-main.png */ = {isa = PBXFileReference; lastKnownFileType = image.png; path = "bg-main.png"; sourceTree = "<group>"; };
		4986279D162259D40040858A /* btn-checkbox.png */ = {isa = PBXFileReference; lastKnownFileType = image.png; path = "btn-checkbox.png"; sourceTree = "<group>"; };
		4986279E162259D40040858A /* btn-checkbox@2x.png */ = {isa = PBXFileReference; lastKnownFileType = image.png; path = "btn-checkbox@2x.png"; sourceTree = "<group>"; };
		498885411458D42600FC3294 /* EditMeasureViewController.h */ = {isa = PBXFileReference; fileEncoding = 4; lastKnownFileType = sourcecode.c.h; path = EditMeasureViewController.h; sourceTree = "<group>"; };
		498885421458D42600FC3294 /* EditMeasureViewController.m */ = {isa = PBXFileReference; fileEncoding = 4; lastKnownFileType = sourcecode.c.objc; path = EditMeasureViewController.m; sourceTree = "<group>"; };
		498885431458D42600FC3294 /* EditMeasureView.xib */ = {isa = PBXFileReference; fileEncoding = 4; lastKnownFileType = file.xib; name = EditMeasureView.xib; path = Classes/EditMeasureView.xib; sourceTree = "<group>"; };
		498D73AF12EE5267001F9364 /* CategorySelectViewController.h */ = {isa = PBXFileReference; fileEncoding = 4; lastKnownFileType = sourcecode.c.h; path = CategorySelectViewController.h; sourceTree = "<group>"; };
		498D73B012EE5267001F9364 /* CategorySelectViewController.m */ = {isa = PBXFileReference; fileEncoding = 4; lastKnownFileType = sourcecode.c.objc; path = CategorySelectViewController.m; sourceTree = "<group>"; };
		498EE8BB144E570D00668052 /* radio-off.png */ = {isa = PBXFileReference; lastKnownFileType = image.png; path = "radio-off.png"; sourceTree = "<group>"; };
		498EE8BC144E570D00668052 /* radio-on.png */ = {isa = PBXFileReference; lastKnownFileType = image.png; path = "radio-on.png"; sourceTree = "<group>"; };
		498EE8BF144E572D00668052 /* radio-off@2x.png */ = {isa = PBXFileReference; lastKnownFileType = image.png; path = "radio-off@2x.png"; sourceTree = "<group>"; };
		498EE8C0144E572D00668052 /* radio-on@2x.png */ = {isa = PBXFileReference; lastKnownFileType = image.png; path = "radio-on@2x.png"; sourceTree = "<group>"; };
		499306A1135FB07300ECBE16 /* ReminderViewController.h */ = {isa = PBXFileReference; fileEncoding = 4; lastKnownFileType = sourcecode.c.h; path = ReminderViewController.h; sourceTree = "<group>"; };
		499306A2135FB07300ECBE16 /* ReminderViewController.m */ = {isa = PBXFileReference; fileEncoding = 4; lastKnownFileType = sourcecode.c.objc; path = ReminderViewController.m; sourceTree = "<group>"; };
		499306A3135FB07300ECBE16 /* ReminderView.xib */ = {isa = PBXFileReference; lastKnownFileType = file.xib; name = ReminderView.xib; path = Classes/ReminderView.xib; sourceTree = "<group>"; };
		499306AD135FB82C00ECBE16 /* days-en_US.plist */ = {isa = PBXFileReference; fileEncoding = 4; lastKnownFileType = text.plist.xml; path = "days-en_US.plist"; sourceTree = "<group>"; };
		499B27CB13663AA700C4500C /* datetime_utils.h */ = {isa = PBXFileReference; fileEncoding = 4; lastKnownFileType = sourcecode.c.h; path = datetime_utils.h; sourceTree = "<group>"; };
		499B27CC13663AA700C4500C /* datetime_utils.m */ = {isa = PBXFileReference; fileEncoding = 4; lastKnownFileType = sourcecode.c.objc; path = datetime_utils.m; sourceTree = "<group>"; };
		499CDAEB13356AA00099F3C9 /* redButton.png */ = {isa = PBXFileReference; lastKnownFileType = image.png; path = redButton.png; sourceTree = "<group>"; };
		499CDAEC13356AA00099F3C9 /* whiteButton.png */ = {isa = PBXFileReference; lastKnownFileType = image.png; path = whiteButton.png; sourceTree = "<group>"; };
		499F4E06133AC4920048D35B /* Icon.png */ = {isa = PBXFileReference; lastKnownFileType = image.png; path = Icon.png; sourceTree = "<group>"; };
		499F4E07133AC4920048D35B /* Icon@2x.png */ = {isa = PBXFileReference; lastKnownFileType = image.png; path = "Icon@2x.png"; sourceTree = "<group>"; };
		49A0205312E5256A005B1D0E /* EditListViewController.h */ = {isa = PBXFileReference; fileEncoding = 4; lastKnownFileType = sourcecode.c.h; path = EditListViewController.h; sourceTree = "<group>"; };
		49A0205412E5256A005B1D0E /* EditListViewController.m */ = {isa = PBXFileReference; fileEncoding = 4; lastKnownFileType = sourcecode.c.objc; path = EditListViewController.m; sourceTree = "<group>"; };
		49A3E30D12ECBF0A0081D54A /* ColorSelectViewController.h */ = {isa = PBXFileReference; fileEncoding = 4; lastKnownFileType = sourcecode.c.h; path = ColorSelectViewController.h; sourceTree = "<group>"; };
		49A3E30E12ECBF0A0081D54A /* ColorSelectViewController.m */ = {isa = PBXFileReference; fileEncoding = 4; lastKnownFileType = sourcecode.c.objc; path = ColorSelectViewController.m; sourceTree = "<group>"; };
		49AD716E16640BFB001897D3 /* QuartzCore.framework */ = {isa = PBXFileReference; lastKnownFileType = wrapper.framework; name = QuartzCore.framework; path = System/Library/Frameworks/QuartzCore.framework; sourceTree = SDKROOT; };
		49AD71851664173A001897D3 /* icon-help.png */ = {isa = PBXFileReference; lastKnownFileType = image.png; path = "icon-help.png"; sourceTree = "<group>"; };
		49AD71861664173A001897D3 /* icon-help@2x.png */ = {isa = PBXFileReference; lastKnownFileType = image.png; path = "icon-help@2x.png"; sourceTree = "<group>"; };
		49AD71871664173A001897D3 /* icon-ok.png */ = {isa = PBXFileReference; lastKnownFileType = image.png; path = "icon-ok.png"; sourceTree = "<group>"; };
		49AD71881664173A001897D3 /* icon-ok@2x.png */ = {isa = PBXFileReference; lastKnownFileType = image.png; path = "icon-ok@2x.png"; sourceTree = "<group>"; };
		49AD71951664174E001897D3 /* btn-bg-corner.png */ = {isa = PBXFileReference; lastKnownFileType = image.png; path = "btn-bg-corner.png"; sourceTree = "<group>"; };
		49AD71961664174E001897D3 /* btn-bg-corner@2x.png */ = {isa = PBXFileReference; lastKnownFileType = image.png; path = "btn-bg-corner@2x.png"; sourceTree = "<group>"; };
		49AD719916641855001897D3 /* icon-ok-small.png */ = {isa = PBXFileReference; lastKnownFileType = image.png; path = "icon-ok-small.png"; sourceTree = "<group>"; };
		49AD719A16641855001897D3 /* icon-ok-small@2x.png */ = {isa = PBXFileReference; lastKnownFileType = image.png; path = "icon-ok-small@2x.png"; sourceTree = "<group>"; };
		49AD7A4C12E380D9006E6AC6 /* ListCategory.h */ = {isa = PBXFileReference; fileEncoding = 4; lastKnownFileType = sourcecode.c.h; path = ListCategory.h; sourceTree = "<group>"; };
		49AD7A4D12E380D9006E6AC6 /* ListCategory.m */ = {isa = PBXFileReference; fileEncoding = 4; lastKnownFileType = sourcecode.c.objc; path = ListCategory.m; sourceTree = "<group>"; };
		49AD7A8812E39FF7006E6AC6 /* 0x000000.png */ = {isa = PBXFileReference; lastKnownFileType = image.png; path = 0x000000.png; sourceTree = "<group>"; };
		49AD7A8912E39FF7006E6AC6 /* 0x00b800.png */ = {isa = PBXFileReference; lastKnownFileType = image.png; path = 0x00b800.png; sourceTree = "<group>"; };
		49AD7A8A12E39FF7006E6AC6 /* 0x0000ff.png */ = {isa = PBXFileReference; lastKnownFileType = image.png; path = 0x0000ff.png; sourceTree = "<group>"; };
		49AD7A8B12E39FF7006E6AC6 /* 0x009d9d.png */ = {isa = PBXFileReference; lastKnownFileType = image.png; path = 0x009d9d.png; sourceTree = "<group>"; };
		49AD7A8C12E39FF7006E6AC6 /* 0xb80000.png */ = {isa = PBXFileReference; lastKnownFileType = image.png; path = 0xb80000.png; sourceTree = "<group>"; };
		49AD7A8D12E39FF7006E6AC6 /* 0xc400c4.png */ = {isa = PBXFileReference; lastKnownFileType = image.png; path = 0xc400c4.png; sourceTree = "<group>"; };
		49AD7A8E12E39FF7006E6AC6 /* 0xe1a10b.png */ = {isa = PBXFileReference; lastKnownFileType = image.png; path = 0xe1a10b.png; sourceTree = "<group>"; };
		49AD7A8F12E39FF7006E6AC6 /* 0xff5c00.png */ = {isa = PBXFileReference; lastKnownFileType = image.png; path = 0xff5c00.png; sourceTree = "<group>"; };
		49AD7B1912E3DB45006E6AC6 /* Alerts.h */ = {isa = PBXFileReference; fileEncoding = 4; lastKnownFileType = sourcecode.c.h; path = Alerts.h; sourceTree = "<group>"; };
		49AD7B1A12E3DB45006E6AC6 /* Alerts.m */ = {isa = PBXFileReference; fileEncoding = 4; lastKnownFileType = sourcecode.c.objc; path = Alerts.m; sourceTree = "<group>"; };
		49BCF2FE134E9884009A48DC /* listmonster.sqlite */ = {isa = PBXFileReference; lastKnownFileType = file; path = listmonster.sqlite; sourceTree = "<group>"; };
		49BEEBD112EBC3680088707A /* ListColor.h */ = {isa = PBXFileReference; fileEncoding = 4; lastKnownFileType = sourcecode.c.h; path = ListColor.h; sourceTree = "<group>"; };
		49BEEBD212EBC3680088707A /* ListColor.m */ = {isa = PBXFileReference; fileEncoding = 4; lastKnownFileType = sourcecode.c.objc; path = ListColor.m; sourceTree = "<group>"; };
		49C56BC91665A4A400BCFAD3 /* icon-hide-completed.png */ = {isa = PBXFileReference; lastKnownFileType = image.png; path = "icon-hide-completed.png"; sourceTree = "<group>"; };
		49C56BCA1665A4A400BCFAD3 /* icon-hide-completed@2x.png */ = {isa = PBXFileReference; lastKnownFileType = image.png; path = "icon-hide-completed@2x.png"; sourceTree = "<group>"; };
		49C56BCB1665A4A400BCFAD3 /* icon-show-all.png */ = {isa = PBXFileReference; lastKnownFileType = image.png; path = "icon-show-all.png"; sourceTree = "<group>"; };
		49C56BCC1665A4A400BCFAD3 /* icon-show-all@2x.png */ = {isa = PBXFileReference; lastKnownFileType = image.png; path = "icon-show-all@2x.png"; sourceTree = "<group>"; };
		49C68A9E15279CD0007A062F /* btn-add.png */ = {isa = PBXFileReference; lastKnownFileType = image.png; path = "btn-add.png"; sourceTree = "<group>"; };
		49C68A9F15279CD0007A062F /* btn-add@2x.png */ = {isa = PBXFileReference; lastKnownFileType = image.png; path = "btn-add@2x.png"; sourceTree = "<group>"; };
		49C68AA015279CD0007A062F /* btn-remove.png */ = {isa = PBXFileReference; lastKnownFileType = image.png; path = "btn-remove.png"; sourceTree = "<group>"; };
		49C68AA115279CD0007A062F /* btn-remove@2x.png */ = {isa = PBXFileReference; lastKnownFileType = image.png; path = "btn-remove@2x.png"; sourceTree = "<group>"; };
		49C68AA61527ECE8007A062F /* ListMonster 5.xcdatamodel */ = {isa = PBXFileReference; lastKnownFileType = wrapper.xcdatamodel; path = "ListMonster 5.xcdatamodel"; sourceTree = "<group>"; };
		49C7BFE2136AF7ED003F3FAA /* EditNumberViewController.h */ = {isa = PBXFileReference; fileEncoding = 4; lastKnownFileType = sourcecode.c.h; path = EditNumberViewController.h; sourceTree = "<group>"; };
		49C7BFE3136AF7ED003F3FAA /* EditNumberViewController.m */ = {isa = PBXFileReference; fileEncoding = 4; lastKnownFileType = sourcecode.c.objc; path = EditNumberViewController.m; sourceTree = "<group>"; };
		49C7BFE4136AF7ED003F3FAA /* EditNumberView.xib */ = {isa = PBXFileReference; lastKnownFileType = file.xib; name = EditNumberView.xib; path = Classes/EditNumberView.xib; sourceTree = "<group>"; };
		49C7C00D136B0ADE003F3FAA /* EditItemViewProtocol.h */ = {isa = PBXFileReference; fileEncoding = 4; lastKnownFileType = sourcecode.c.h; path = EditItemViewProtocol.h; sourceTree = "<group>"; };
		49C802F41496E5E20012C32E /* ListMonster 2.xcdatamodel */ = {isa = PBXFileReference; lastKnownFileType = wrapper.xcdatamodel; path = "ListMonster 2.xcdatamodel"; sourceTree = "<group>"; };
		49C802F51496E5E20012C32E /* ListMonster.xcdatamodel */ = {isa = PBXFileReference; lastKnownFileType = wrapper.xcdatamodel; path = ListMonster.xcdatamodel; sourceTree = "<group>"; };
		49C94290134FAB640045D4F6 /* EditNoteViewController.h */ = {isa = PBXFileReference; fileEncoding = 4; lastKnownFileType = sourcecode.c.h; path = EditNoteViewController.h; sourceTree = "<group>"; };
		49C94291134FAB640045D4F6 /* EditNoteViewController.m */ = {isa = PBXFileReference; fileEncoding = 4; lastKnownFileType = sourcecode.c.objc; path = EditNoteViewController.m; sourceTree = "<group>"; };
		49C94292134FAB640045D4F6 /* EditNoteView.xib */ = {isa = PBXFileReference; lastKnownFileType = file.xib; name = EditNoteView.xib; path = Classes/EditNoteView.xib; sourceTree = "<group>"; };
		49D225BF14C4FA09009D9769 /* iTunesArtwork */ = {isa = PBXFileReference; lastKnownFileType = file; path = iTunesArtwork; sourceTree = "<group>"; };
		49D225C114C5103C009D9769 /* Default.png */ = {isa = PBXFileReference; lastKnownFileType = image.png; path = Default.png; sourceTree = "<group>"; };
		49D225C314C512BD009D9769 /* Default@2x.png */ = {isa = PBXFileReference; lastKnownFileType = image.png; path = "Default@2x.png"; sourceTree = "<group>"; };
		49D30EAC13B7CA8400CA8019 /* EditListItemView.xib */ = {isa = PBXFileReference; lastKnownFileType = file.xib; path = EditListItemView.xib; sourceTree = "<group>"; };
		49DE1AF11362563C00D27543 /* Tuple.h */ = {isa = PBXFileReference; fileEncoding = 4; lastKnownFileType = sourcecode.c.h; path = Tuple.h; sourceTree = "<group>"; };
		49DE1AF21362563C00D27543 /* Tuple.m */ = {isa = PBXFileReference; fileEncoding = 4; lastKnownFileType = sourcecode.c.objc; path = Tuple.m; sourceTree = "<group>"; };
		49E75313163F401B00603F90 /* bg-btn-delete.png */ = {isa = PBXFileReference; lastKnownFileType = image.png; path = "bg-btn-delete.png"; sourceTree = "<group>"; };
		49E75314163F401B00603F90 /* bg-btn-delete@2x.png */ = {isa = PBXFileReference; lastKnownFileType = image.png; path = "bg-btn-delete@2x.png"; sourceTree = "<group>"; };
		49EAC1D7131AED39003738FD /* EditCategoryViewController.h */ = {isa = PBXFileReference; fileEncoding = 4; lastKnownFileType = sourcecode.c.h; path = EditCategoryViewController.h; sourceTree = "<group>"; };
		49EAC1D8131AED39003738FD /* EditCategoryViewController.m */ = {isa = PBXFileReference; fileEncoding = 4; lastKnownFileType = sourcecode.c.objc; path = EditCategoryViewController.m; sourceTree = "<group>"; };
		49EAC1D9131AED39003738FD /* EditCategoryView.xib */ = {isa = PBXFileReference; lastKnownFileType = file.xib; name = EditCategoryView.xib; path = Classes/EditCategoryView.xib; sourceTree = "<group>"; };
		49F180E212C914340066B454 /* CoreData.framework */ = {isa = PBXFileReference; lastKnownFileType = wrapper.framework; name = CoreData.framework; path = System/Library/Frameworks/CoreData.framework; sourceTree = SDKROOT; };
		49F180EB12C91CA40066B454 /* MetaListItem.h */ = {isa = PBXFileReference; fileEncoding = 4; lastKnownFileType = sourcecode.c.h; path = MetaListItem.h; sourceTree = "<group>"; };
		49F180EC12C91CA40066B454 /* MetaListItem.m */ = {isa = PBXFileReference; fileEncoding = 4; lastKnownFileType = sourcecode.c.objc; path = MetaListItem.m; sourceTree = "<group>"; };
		49F180EE12C920AD0066B454 /* MetaList.h */ = {isa = PBXFileReference; fileEncoding = 4; lastKnownFileType = sourcecode.c.h; path = MetaList.h; sourceTree = "<group>"; };
		49F180EF12C920AD0066B454 /* MetaList.m */ = {isa = PBXFileReference; fileEncoding = 4; lastKnownFileType = sourcecode.c.objc; path = MetaList.m; sourceTree = "<group>"; };
		49F180FA12C929880066B454 /* Common.h */ = {isa = PBXFileReference; fileEncoding = 4; lastKnownFileType = sourcecode.c.h; path = Common.h; sourceTree = "<group>"; };
		49F1812112C9364E0066B454 /* NSArrayExtensions.h */ = {isa = PBXFileReference; fileEncoding = 4; lastKnownFileType = sourcecode.c.h; path = NSArrayExtensions.h; sourceTree = "<group>"; };
		49F1812212C9364E0066B454 /* NSArrayExtensions.m */ = {isa = PBXFileReference; fileEncoding = 4; lastKnownFileType = sourcecode.c.objc; path = NSArrayExtensions.m; sourceTree = "<group>"; };
		49F1812412C9366A0066B454 /* NSStringExtensions.h */ = {isa = PBXFileReference; fileEncoding = 4; lastKnownFileType = sourcecode.c.h; path = NSStringExtensions.h; sourceTree = "<group>"; };
		49F1812512C9366A0066B454 /* NSStringExtensions.m */ = {isa = PBXFileReference; fileEncoding = 4; lastKnownFileType = sourcecode.c.objc; path = NSStringExtensions.m; sourceTree = "<group>"; };
		49F1814812C958F20066B454 /* RootViewController.h */ = {isa = PBXFileReference; fileEncoding = 4; lastKnownFileType = sourcecode.c.h; path = RootViewController.h; sourceTree = "<group>"; };
		49F1814912C958F20066B454 /* RootViewController.m */ = {isa = PBXFileReference; fileEncoding = 4; lastKnownFileType = sourcecode.c.objc; path = RootViewController.m; sourceTree = "<group>"; };
		49F1814A12C958F20066B454 /* English */ = {isa = PBXFileReference; lastKnownFileType = file.xib; name = English; path = Classes/English.lproj/RootView.xib; sourceTree = "<group>"; };
		49F78967165C5BA40063C0B3 /* ListMonster 7.xcdatamodel */ = {isa = PBXFileReference; lastKnownFileType = wrapper.xcdatamodel; path = "ListMonster 7.xcdatamodel"; sourceTree = "<group>"; };
		49FDFF3C135233A400F6A3DA /* ItemStash.h */ = {isa = PBXFileReference; fileEncoding = 4; lastKnownFileType = sourcecode.c.h; path = ItemStash.h; sourceTree = "<group>"; };
		49FDFF3D135233A400F6A3DA /* ItemStash.m */ = {isa = PBXFileReference; fileEncoding = 4; lastKnownFileType = sourcecode.c.objc; path = ItemStash.m; sourceTree = "<group>"; };
		8D1107310486CEB800E47090 /* ListMonster-Info.plist */ = {isa = PBXFileReference; fileEncoding = 4; lastKnownFileType = text.plist.xml; path = "ListMonster-Info.plist"; plistStructureDefinitionIdentifier = "com.apple.xcode.plist.structure-definition.iphone.info-plist"; sourceTree = "<group>"; };
/* End PBXFileReference section */

/* Begin PBXFrameworksBuildPhase section */
		1D60588F0D05DD3D006BFB54 /* Frameworks */ = {
			isa = PBXFrameworksBuildPhase;
			buildActionMask = 2147483647;
			files = (
				49AD716F16640BFB001897D3 /* QuartzCore.framework in Frameworks */,
				1D60589F0D05DD5A006BFB54 /* Foundation.framework in Frameworks */,
				1DF5F4E00D08C38300B7A737 /* UIKit.framework in Frameworks */,
				288765FD0DF74451002DB57D /* CoreGraphics.framework in Frameworks */,
				49F180E312C914340066B454 /* CoreData.framework in Frameworks */,
			);
			runOnlyForDeploymentPostprocessing = 0;
		};
/* End PBXFrameworksBuildPhase section */

/* Begin PBXGroup section */
		080E96DDFE201D6D7F000001 /* Classes */ = {
			isa = PBXGroup;
			children = (
				49AD7B1912E3DB45006E6AC6 /* Alerts.h */,
				49AD7B1A12E3DB45006E6AC6 /* Alerts.m */,
				49F1810F12C935FB0066B454 /* Categories */,
				49F180EA12C91C800066B454 /* CoreDataModels */,
				4955B038132302BC00722C3F /* Custom Table Cells */,
				1D3623240D0F684500981E51 /* ListMonsterAppDelegate.h */,
				1D3623250D0F684500981E51 /* ListMonsterAppDelegate.m */,
				49BEEBC312EBBF8F0088707A /* Objects */,
				49A0206812E52756005B1D0E /* ThirdParty */,
				49F1814712C958880066B454 /* ViewControllers */,
			);
			path = Classes;
			sourceTree = "<group>";
		};
		19C28FACFE9D520D11CA2CBB /* Products */ = {
			isa = PBXGroup;
			children = (
				1D6058910D05DD3D006BFB54 /* SnapList.app */,
			);
			name = Products;
			sourceTree = "<group>";
		};
		29B97314FDCFA39411CA2CEA /* CustomTemplate */ = {
			isa = PBXGroup;
			children = (
				49AD716E16640BFB001897D3 /* QuartzCore.framework */,
				498627981622548C0040858A /* Default-568h@2x.png */,
				49D225C314C512BD009D9769 /* Default@2x.png */,
				49D225BF14C4FA09009D9769 /* iTunesArtwork */,
				080E96DDFE201D6D7F000001 /* Classes */,
				29B97315FDCFA39411CA2CEA /* Other Sources */,
				29B97317FDCFA39411CA2CEA /* Resources */,
				29B97323FDCFA39411CA2CEA /* Frameworks */,
				19C28FACFE9D520D11CA2CBB /* Products */,
			);
			name = CustomTemplate;
			sourceTree = "<group>";
		};
		29B97315FDCFA39411CA2CEA /* Other Sources */ = {
			isa = PBXGroup;
			children = (
				49F180FA12C929880066B454 /* Common.h */,
				32CA4F630368D1EE00C91783 /* ListMonster_Prefix.pch */,
				29B97316FDCFA39411CA2CEA /* main.m */,
				499B27CB13663AA700C4500C /* datetime_utils.h */,
				499B27CC13663AA700C4500C /* datetime_utils.m */,
				49C7C00D136B0ADE003F3FAA /* EditItemViewProtocol.h */,
				49851B3A14BA749800CBB385 /* TableHeaderView.h */,
				49851B3B14BA749800CBB385 /* TableHeaderView.m */,
				496B7B321623A73C00EBE286 /* ThemeManager.h */,
				496B7B331623A73C00EBE286 /* ThemeManager.m */,
				493AE0251656BA6C007994D1 /* CDOGeometry.h */,
				493AE0261656BA6C007994D1 /* CDOGeometry.m */,
			);
			name = "Other Sources";
			sourceTree = "<group>";
		};
		29B97317FDCFA39411CA2CEA /* Resources */ = {
			isa = PBXGroup;
			children = (
				4986279A162259D40040858A /* Assets */,
				49D225C114C5103C009D9769 /* Default.png */,
				4937D7FD1385930D00E7984D /* Backgrounds */,
				494844BD13F85F3A00445ED7 /* blueButton.png */,
				49AD7A8712E39FDD006E6AC6 /* ColorSwatches */,
				499306AD135FB82C00ECBE16 /* days-en_US.plist */,
				49EAC1D9131AED39003738FD /* EditCategoryView.xib */,
				49D30EAC13B7CA8400CA8019 /* EditListItemView.xib */,
				498885431458D42600FC3294 /* EditMeasureView.xib */,
				49C94292134FAB640045D4F6 /* EditNoteView.xib */,
				49C7BFE4136AF7ED003F3FAA /* EditNumberView.xib */,
				4959AB0513104B460039ACAC /* EditTextView.xib */,
				495FE5F413C3EF330074235B /* High.png */,
				495FE5F513C3EF330074235B /* High@2x.png */,
				49C68A9E15279CD0007A062F /* btn-add.png */,
				49C68A9F15279CD0007A062F /* btn-add@2x.png */,
				49C68AA015279CD0007A062F /* btn-remove.png */,
				49C68AA115279CD0007A062F /* btn-remove@2x.png */,
				499F4E06133AC4920048D35B /* Icon.png */,
				499F4E07133AC4920048D35B /* Icon@2x.png */,
				4955B03D1323033E00722C3F /* ListCell.xib */,
				495EABF813083F5700F4A64E /* ListItemsView.xib */,
				8D1107310486CEB800E47090 /* ListMonster-Info.plist */,
				49BCF2FE134E9884009A48DC /* listmonster.sqlite */,
				49C802F31496E5E20012C32E /* ListMonster.xcdatamodeld */,
				491EBE5012EB744D0084BFCB /* ListNameView.xib */,
				495FE5F613C3EF330074235B /* Low.png */,
				495FE5F713C3EF330074235B /* Low@2x.png */,
				28AD733E0D9D9553002E5188 /* MainWindow.xib */,
				495FE5F813C3EF330074235B /* Normal.png */,
				495FE5F913C3EF330074235B /* Normal@2x.png */,
				498EE8BB144E570D00668052 /* radio-off.png */,
				498EE8BF144E572D00668052 /* radio-off@2x.png */,
				498EE8BC144E570D00668052 /* radio-on.png */,
				498EE8C0144E572D00668052 /* radio-on@2x.png */,
				499CDAEB13356AA00099F3C9 /* redButton.png */,
				499306A3135FB07300ECBE16 /* ReminderView.xib */,
				49F1814D12C959B50066B454 /* RootView.xib */,
				499CDAEC13356AA00099F3C9 /* whiteButton.png */,
			);
			name = Resources;
			sourceTree = "<group>";
		};
		29B97323FDCFA39411CA2CEA /* Frameworks */ = {
			isa = PBXGroup;
			children = (
				1DF5F4DF0D08C38300B7A737 /* UIKit.framework */,
				1D30AB110D05D00D00671497 /* Foundation.framework */,
				288765FC0DF74451002DB57D /* CoreGraphics.framework */,
				49F180E212C914340066B454 /* CoreData.framework */,
			);
			name = Frameworks;
			sourceTree = "<group>";
		};
		4955B038132302BC00722C3F /* Custom Table Cells */ = {
			isa = PBXGroup;
			children = (
				4955B03A1323031500722C3F /* ListCell.h */,
				4955B03B1323031500722C3F /* ListCell.m */,
			);
			name = "Custom Table Cells";
			sourceTree = "<group>";
		};
		49836D7F163619EC006F8A1E /* mogenerated */ = {
			isa = PBXGroup;
			children = (
				49700A591638BD43004DC7C4 /* _ListCategory.h */,
				49700A5A1638BD43004DC7C4 /* _ListCategory.m */,
				49836D82163619EC006F8A1E /* _ItemStash.h */,
				49836D83163619EC006F8A1E /* _ItemStash.m */,
				49836D84163619EC006F8A1E /* _ListColor.h */,
				49836D85163619EC006F8A1E /* _ListColor.m */,
				49836D86163619EC006F8A1E /* _Measure.h */,
				49836D87163619EC006F8A1E /* _Measure.m */,
				49836D88163619EC006F8A1E /* _MetaList.h */,
				49836D89163619EC006F8A1E /* _MetaList.m */,
				49836D8A163619EC006F8A1E /* _MetaListItem.h */,
				49836D8B163619EC006F8A1E /* _MetaListItem.m */,
			);
			path = mogenerated;
			sourceTree = "<group>";
		};
		4986279A162259D40040858A /* Assets */ = {
			isa = PBXGroup;
			children = (
				49AD71951664174E001897D3 /* btn-bg-corner.png */,
				49AD71961664174E001897D3 /* btn-bg-corner@2x.png */,
				49AD71841664173A001897D3 /* icons */,
				49248F431659474300CD9995 /* bg-tableheader.png */,
				49248F441659474300CD9995 /* bg-tableheader@2x.png */,
				493AE02C1656EAEB007994D1 /* btn-done.png */,
				493AE02D1656EAEB007994D1 /* btn-done@2x.png */,
				493AE0281656E751007994D1 /* btn-reorder.png */,
				493AE0291656E751007994D1 /* btn-reorder@2x.png */,
				495DB44116475357001CD749 /* bg-deletion.png */,
				495DB44216475357001CD749 /* bg-deletion@2x.png */,
				495DB43D1647425C001CD749 /* bg-complete.png */,
				495DB43E1647425C001CD749 /* bg-complete@2x.png */,
				49E75313163F401B00603F90 /* bg-btn-delete.png */,
				49E75314163F401B00603F90 /* bg-btn-delete@2x.png */,
				4965E0201625070300631E13 /* btn-checkbox-checked.png */,
				4965E0211625070300631E13 /* btn-checkbox-checked@2x.png */,
				4986279B162259D40040858A /* bg-listmgt.png */,
				4986279C162259D40040858A /* bg-main.png */,
				4986279D162259D40040858A /* btn-checkbox.png */,
				4986279E162259D40040858A /* btn-checkbox@2x.png */,
			);
			path = Assets;
			sourceTree = "<group>";
		};
		49A0206812E52756005B1D0E /* ThirdParty */ = {
			isa = PBXGroup;
			children = (
			);
			name = ThirdParty;
			sourceTree = "<group>";
		};
		49AD71841664173A001897D3 /* icons */ = {
			isa = PBXGroup;
			children = (
				49C56BC91665A4A400BCFAD3 /* icon-hide-completed.png */,
				49C56BCA1665A4A400BCFAD3 /* icon-hide-completed@2x.png */,
				49C56BCB1665A4A400BCFAD3 /* icon-show-all.png */,
				49C56BCC1665A4A400BCFAD3 /* icon-show-all@2x.png */,
				49AD719916641855001897D3 /* icon-ok-small.png */,
				49AD719A16641855001897D3 /* icon-ok-small@2x.png */,
				49AD71851664173A001897D3 /* icon-help.png */,
				49AD71861664173A001897D3 /* icon-help@2x.png */,
				49AD71871664173A001897D3 /* icon-ok.png */,
				49AD71881664173A001897D3 /* icon-ok@2x.png */,
			);
			path = icons;
			sourceTree = "<group>";
		};
		49AD7A8712E39FDD006E6AC6 /* ColorSwatches */ = {
			isa = PBXGroup;
			children = (
				49AD7A8812E39FF7006E6AC6 /* 0x000000.png */,
				49AD7A8912E39FF7006E6AC6 /* 0x00b800.png */,
				49AD7A8A12E39FF7006E6AC6 /* 0x0000ff.png */,
				49AD7A8B12E39FF7006E6AC6 /* 0x009d9d.png */,
				49AD7A8C12E39FF7006E6AC6 /* 0xb80000.png */,
				49AD7A8D12E39FF7006E6AC6 /* 0xc400c4.png */,
				49AD7A8E12E39FF7006E6AC6 /* 0xe1a10b.png */,
				49AD7A8F12E39FF7006E6AC6 /* 0xff5c00.png */,
			);
			name = ColorSwatches;
			sourceTree = "<group>";
		};
		49BEEBC312EBBF8F0088707A /* Objects */ = {
			isa = PBXGroup;
			children = (
				49DE1AF11362563C00D27543 /* Tuple.h */,
				49DE1AF21362563C00D27543 /* Tuple.m */,
			);
			name = Objects;
			sourceTree = "<group>";
		};
		49F180EA12C91C800066B454 /* CoreDataModels */ = {
			isa = PBXGroup;
			children = (
				49836D7F163619EC006F8A1E /* mogenerated */,
				49AD7A4C12E380D9006E6AC6 /* ListCategory.h */,
				49AD7A4D12E380D9006E6AC6 /* ListCategory.m */,
				49FDFF3C135233A400F6A3DA /* ItemStash.h */,
				49FDFF3D135233A400F6A3DA /* ItemStash.m */,
				49BEEBD112EBC3680088707A /* ListColor.h */,
				49BEEBD212EBC3680088707A /* ListColor.m */,
				491703B7145786750034437B /* Measure.h */,
				491703B8145786750034437B /* Measure.m */,
				49F180EE12C920AD0066B454 /* MetaList.h */,
				49F180EF12C920AD0066B454 /* MetaList.m */,
				49F180EB12C91CA40066B454 /* MetaListItem.h */,
				49F180EC12C91CA40066B454 /* MetaListItem.m */,
			);
			name = CoreDataModels;
			sourceTree = "<group>";
		};
		49F1810F12C935FB0066B454 /* Categories */ = {
			isa = PBXGroup;
			children = (
				49F1812112C9364E0066B454 /* NSArrayExtensions.h */,
				49F1812212C9364E0066B454 /* NSArrayExtensions.m */,
				49F1812412C9366A0066B454 /* NSStringExtensions.h */,
				49F1812512C9366A0066B454 /* NSStringExtensions.m */,
				495EAC2F130882E900F4A64E /* NSNumberExtensions.h */,
				495EAC30130882E900F4A64E /* NSNumberExtensions.m */,
				4941A8571572FCD100EF158B /* NSString+EmptyString.h */,
				4941A8581572FCD100EF158B /* NSString+EmptyString.m */,
			);
			name = Categories;
			sourceTree = "<group>";
		};
		49F1814712C958880066B454 /* ViewControllers */ = {
			isa = PBXGroup;
			children = (
				498D73AF12EE5267001F9364 /* CategorySelectViewController.h */,
				498D73B012EE5267001F9364 /* CategorySelectViewController.m */,
				49A3E30D12ECBF0A0081D54A /* ColorSelectViewController.h */,
				49A3E30E12ECBF0A0081D54A /* ColorSelectViewController.m */,
				494844B713F84DCF00445ED7 /* DisplayListNoteViewController.h */,
				494844B813F84DCF00445ED7 /* DisplayListNoteViewController.m */,
				49EAC1D7131AED39003738FD /* EditCategoryViewController.h */,
				49EAC1D8131AED39003738FD /* EditCategoryViewController.m */,
				495D8411130E088800933720 /* EditListItemViewController.h */,
				495D8412130E088800933720 /* EditListItemViewController.m */,
				49A0205312E5256A005B1D0E /* EditListViewController.h */,
				49A0205412E5256A005B1D0E /* EditListViewController.m */,
				498885411458D42600FC3294 /* EditMeasureViewController.h */,
				498885421458D42600FC3294 /* EditMeasureViewController.m */,
				49C94290134FAB640045D4F6 /* EditNoteViewController.h */,
				49C94291134FAB640045D4F6 /* EditNoteViewController.m */,
				49C7BFE2136AF7ED003F3FAA /* EditNumberViewController.h */,
				49C7BFE3136AF7ED003F3FAA /* EditNumberViewController.m */,
				4959AB0313104B460039ACAC /* EditTextViewController.h */,
				4959AB0413104B460039ACAC /* EditTextViewController.m */,
				495EABF613083F5700F4A64E /* ListItemsViewController.h */,
				495EABF713083F5700F4A64E /* ListItemsViewController.m */,
				491EBE4E12EB744D0084BFCB /* ListNameViewController.h */,
				491EBE4F12EB744D0084BFCB /* ListNameViewController.m */,
				499306A1135FB07300ECBE16 /* ReminderViewController.h */,
				499306A2135FB07300ECBE16 /* ReminderViewController.m */,
				49F1814812C958F20066B454 /* RootViewController.h */,
				49F1814912C958F20066B454 /* RootViewController.m */,
				49248F471659B61400CD9995 /* SwipeToEditCellTableViewController.h */,
				49248F481659B61400CD9995 /* SwipeToEditCellTableViewController.m */,
			);
			name = ViewControllers;
			sourceTree = "<group>";
		};
/* End PBXGroup section */

/* Begin PBXNativeTarget section */
		1D6058900D05DD3D006BFB54 /* ListMonster */ = {
			isa = PBXNativeTarget;
			buildConfigurationList = 1D6058960D05DD3E006BFB54 /* Build configuration list for PBXNativeTarget "ListMonster" */;
			buildPhases = (
				1D60588D0D05DD3D006BFB54 /* Resources */,
				1D60588E0D05DD3D006BFB54 /* Sources */,
				1D60588F0D05DD3D006BFB54 /* Frameworks */,
			);
			buildRules = (
			);
			dependencies = (
			);
			name = ListMonster;
			productName = ListMonster;
			productReference = 1D6058910D05DD3D006BFB54 /* SnapList.app */;
			productType = "com.apple.product-type.application";
		};
/* End PBXNativeTarget section */

/* Begin PBXProject section */
		29B97313FDCFA39411CA2CEA /* Project object */ = {
			isa = PBXProject;
			attributes = {
				LastUpgradeCheck = 0450;
			};
			buildConfigurationList = C01FCF4E08A954540054247B /* Build configuration list for PBXProject "ListMonster" */;
			compatibilityVersion = "Xcode 3.2";
			developmentRegion = English;
			hasScannedForEncodings = 1;
			knownRegions = (
				English,
				Japanese,
				French,
				German,
			);
			mainGroup = 29B97314FDCFA39411CA2CEA /* CustomTemplate */;
			projectDirPath = "";
			projectRoot = "";
			targets = (
				1D6058900D05DD3D006BFB54 /* ListMonster */,
			);
		};
/* End PBXProject section */

/* Begin PBXResourcesBuildPhase section */
		1D60588D0D05DD3D006BFB54 /* Resources */ = {
			isa = PBXResourcesBuildPhase;
			buildActionMask = 2147483647;
			files = (
				28AD733F0D9D9553002E5188 /* MainWindow.xib in Resources */,
				49F1814E12C959B50066B454 /* RootView.xib in Resources */,
				49AD7A9012E39FF7006E6AC6 /* 0x000000.png in Resources */,
				49AD7A9112E39FF7006E6AC6 /* 0x00b800.png in Resources */,
				49AD7A9212E39FF7006E6AC6 /* 0x0000ff.png in Resources */,
				49AD7A9312E39FF7006E6AC6 /* 0x009d9d.png in Resources */,
				49AD7A9412E39FF7006E6AC6 /* 0xb80000.png in Resources */,
				49AD7A9512E39FF7006E6AC6 /* 0xc400c4.png in Resources */,
				49AD7A9612E39FF7006E6AC6 /* 0xe1a10b.png in Resources */,
				49AD7A9712E39FF7006E6AC6 /* 0xff5c00.png in Resources */,
				491EBE5212EB744D0084BFCB /* ListNameView.xib in Resources */,
				495EABFA13083F5700F4A64E /* ListItemsView.xib in Resources */,
				4959AB0713104B460039ACAC /* EditTextView.xib in Resources */,
				49EAC1DB131AED39003738FD /* EditCategoryView.xib in Resources */,
				4955B03E1323033E00722C3F /* ListCell.xib in Resources */,
				499CDAED13356AA00099F3C9 /* redButton.png in Resources */,
				499CDAEE13356AA00099F3C9 /* whiteButton.png in Resources */,
				499F4E08133AC4920048D35B /* Icon.png in Resources */,
				499F4E09133AC4920048D35B /* Icon@2x.png in Resources */,
				49BCF2FF134E9884009A48DC /* listmonster.sqlite in Resources */,
				49C94294134FAB640045D4F6 /* EditNoteView.xib in Resources */,
				499306A5135FB07300ECBE16 /* ReminderView.xib in Resources */,
				499306AE135FB82C00ECBE16 /* days-en_US.plist in Resources */,
				49C7BFE6136AF7ED003F3FAA /* EditNumberView.xib in Resources */,
				4937D80F1385930D00E7984D /* Backgrounds in Resources */,
				49D30EAD13B7CA8400CA8019 /* EditListItemView.xib in Resources */,
				495FE5FA13C3EF330074235B /* High.png in Resources */,
				495FE5FB13C3EF330074235B /* High@2x.png in Resources */,
				495FE5FC13C3EF330074235B /* Low.png in Resources */,
				495FE5FD13C3EF330074235B /* Low@2x.png in Resources */,
				495FE5FE13C3EF330074235B /* Normal.png in Resources */,
				495FE5FF13C3EF330074235B /* Normal@2x.png in Resources */,
				494844BE13F85F3A00445ED7 /* blueButton.png in Resources */,
				498EE8BD144E570D00668052 /* radio-off.png in Resources */,
				498EE8BE144E570D00668052 /* radio-on.png in Resources */,
				498EE8C1144E572D00668052 /* radio-off@2x.png in Resources */,
				498EE8C2144E572D00668052 /* radio-on@2x.png in Resources */,
				498885451458D42600FC3294 /* EditMeasureView.xib in Resources */,
				49D225C014C4FA09009D9769 /* iTunesArtwork in Resources */,
				49D225C214C5103C009D9769 /* Default.png in Resources */,
				49D225C414C512BD009D9769 /* Default@2x.png in Resources */,
				49C68AA215279CD0007A062F /* btn-add.png in Resources */,
				49C68AA315279CD0007A062F /* btn-add@2x.png in Resources */,
				49C68AA415279CD0007A062F /* btn-remove.png in Resources */,
				49C68AA515279CD0007A062F /* btn-remove@2x.png in Resources */,
				498627991622548C0040858A /* Default-568h@2x.png in Resources */,
				4986279F162259D40040858A /* bg-listmgt.png in Resources */,
				498627A0162259D40040858A /* bg-main.png in Resources */,
				498627A1162259D40040858A /* btn-checkbox.png in Resources */,
				498627A2162259D40040858A /* btn-checkbox@2x.png in Resources */,
				4965E0221625070300631E13 /* btn-checkbox-checked.png in Resources */,
				4965E0231625070300631E13 /* btn-checkbox-checked@2x.png in Resources */,
				49E75315163F401B00603F90 /* bg-btn-delete.png in Resources */,
				49E75316163F401B00603F90 /* bg-btn-delete@2x.png in Resources */,
				495DB43F1647425C001CD749 /* bg-complete.png in Resources */,
				495DB4401647425C001CD749 /* bg-complete@2x.png in Resources */,
				495DB44316475357001CD749 /* bg-deletion.png in Resources */,
				495DB44416475357001CD749 /* bg-deletion@2x.png in Resources */,
				493AE02A1656E751007994D1 /* btn-reorder.png in Resources */,
				493AE02B1656E751007994D1 /* btn-reorder@2x.png in Resources */,
				493AE02E1656EAEB007994D1 /* btn-done.png in Resources */,
				493AE02F1656EAEB007994D1 /* btn-done@2x.png in Resources */,
				49248F451659474300CD9995 /* bg-tableheader.png in Resources */,
				49248F461659474300CD9995 /* bg-tableheader@2x.png in Resources */,
				49AD718D1664173A001897D3 /* icon-help.png in Resources */,
				49AD718E1664173A001897D3 /* icon-help@2x.png in Resources */,
				49AD718F1664173A001897D3 /* icon-ok.png in Resources */,
				49AD71901664173A001897D3 /* icon-ok@2x.png in Resources */,
				49AD71971664174E001897D3 /* btn-bg-corner.png in Resources */,
				49AD71981664174E001897D3 /* btn-bg-corner@2x.png in Resources */,
				49AD719B16641855001897D3 /* icon-ok-small.png in Resources */,
				49AD719C16641855001897D3 /* icon-ok-small@2x.png in Resources */,
				49C56BCD1665A4A400BCFAD3 /* icon-hide-completed.png in Resources */,
				49C56BCE1665A4A400BCFAD3 /* icon-hide-completed@2x.png in Resources */,
				49C56BCF1665A4A400BCFAD3 /* icon-show-all.png in Resources */,
				49C56BD01665A4A400BCFAD3 /* icon-show-all@2x.png in Resources */,
			);
			runOnlyForDeploymentPostprocessing = 0;
		};
/* End PBXResourcesBuildPhase section */

/* Begin PBXSourcesBuildPhase section */
		1D60588E0D05DD3D006BFB54 /* Sources */ = {
			isa = PBXSourcesBuildPhase;
			buildActionMask = 2147483647;
			files = (
				1D60589B0D05DD56006BFB54 /* main.m in Sources */,
				1D3623260D0F684500981E51 /* ListMonsterAppDelegate.m in Sources */,
				49F180ED12C91CA40066B454 /* MetaListItem.m in Sources */,
				49F180F012C920AD0066B454 /* MetaList.m in Sources */,
				49F1812312C9364E0066B454 /* NSArrayExtensions.m in Sources */,
				49F1812612C9366A0066B454 /* NSStringExtensions.m in Sources */,
				49F1814B12C958F20066B454 /* RootViewController.m in Sources */,
				49AD7A4E12E380D9006E6AC6 /* ListCategory.m in Sources */,
				49AD7B1B12E3DB45006E6AC6 /* Alerts.m in Sources */,
				49A0205512E5256A005B1D0E /* EditListViewController.m in Sources */,
				491EBE5112EB744D0084BFCB /* ListNameViewController.m in Sources */,
				49BEEBD312EBC3680088707A /* ListColor.m in Sources */,
				49A3E31012ECBF0A0081D54A /* ColorSelectViewController.m in Sources */,
				498D73B112EE5267001F9364 /* CategorySelectViewController.m in Sources */,
				495EABF913083F5700F4A64E /* ListItemsViewController.m in Sources */,
				495EAC31130882E900F4A64E /* NSNumberExtensions.m in Sources */,
				495D8413130E088800933720 /* EditListItemViewController.m in Sources */,
				4959AB0613104B460039ACAC /* EditTextViewController.m in Sources */,
				49EAC1DA131AED39003738FD /* EditCategoryViewController.m in Sources */,
				4955B03C1323031500722C3F /* ListCell.m in Sources */,
				49C94293134FAB640045D4F6 /* EditNoteViewController.m in Sources */,
				49FDFF3E135233A400F6A3DA /* ItemStash.m in Sources */,
				499306A4135FB07300ECBE16 /* ReminderViewController.m in Sources */,
				49DE1AF31362563C00D27543 /* Tuple.m in Sources */,
				499B27CD13663AA700C4500C /* datetime_utils.m in Sources */,
				49C7BFE5136AF7ED003F3FAA /* EditNumberViewController.m in Sources */,
				494844BA13F84DCF00445ED7 /* DisplayListNoteViewController.m in Sources */,
				491703B9145786750034437B /* Measure.m in Sources */,
				498885441458D42600FC3294 /* EditMeasureViewController.m in Sources */,
				49C802F61496E5E20012C32E /* ListMonster.xcdatamodeld in Sources */,
				49851B3C14BA749800CBB385 /* TableHeaderView.m in Sources */,
				4941A8591572FCD100EF158B /* NSString+EmptyString.m in Sources */,
				496B7B341623A73C00EBE286 /* ThemeManager.m in Sources */,
				49836D8D163619EC006F8A1E /* _ItemStash.m in Sources */,
				49836D8E163619EC006F8A1E /* _ListColor.m in Sources */,
				49836D8F163619EC006F8A1E /* _Measure.m in Sources */,
				49836D90163619EC006F8A1E /* _MetaList.m in Sources */,
				49836D91163619EC006F8A1E /* _MetaListItem.m in Sources */,
				49700A5B1638BD43004DC7C4 /* _ListCategory.m in Sources */,
				493AE0271656BA6C007994D1 /* CDOGeometry.m in Sources */,
				49248F491659B61400CD9995 /* SwipeToEditCellTableViewController.m in Sources */,
			);
			runOnlyForDeploymentPostprocessing = 0;
		};
/* End PBXSourcesBuildPhase section */

/* Begin PBXVariantGroup section */
		49F1814D12C959B50066B454 /* RootView.xib */ = {
			isa = PBXVariantGroup;
			children = (
				49F1814A12C958F20066B454 /* English */,
			);
			name = RootView.xib;
			sourceTree = "<group>";
		};
/* End PBXVariantGroup section */

/* Begin XCBuildConfiguration section */
		1D6058940D05DD3E006BFB54 /* Debug */ = {
			isa = XCBuildConfiguration;
			buildSettings = {
				ALWAYS_SEARCH_USER_PATHS = NO;
				CLANG_ENABLE_OBJC_ARC = YES;
				CODE_SIGN_IDENTITY = "iPhone Developer: Norm Barnard (49A67976WA)";
				COPY_PHASE_STRIP = NO;
				GCC_DYNAMIC_NO_PIC = NO;
				GCC_OPTIMIZATION_LEVEL = 0;
				GCC_PRECOMPILE_PREFIX_HEADER = YES;
				GCC_PREFIX_HEADER = ListMonster_Prefix.pch;
				GCC_VERSION = com.apple.compilers.llvm.clang.1_0;
				INFOPLIST_FILE = "ListMonster-Info.plist";
				PRODUCT_NAME = SnapList;
				PROVISIONING_PROFILE = "135E23B1-4127-4499-B5CA-3EE776B59514";
			};
			name = Debug;
		};
		1D6058950D05DD3E006BFB54 /* Release */ = {
			isa = XCBuildConfiguration;
			buildSettings = {
				ALWAYS_SEARCH_USER_PATHS = NO;
				CLANG_ENABLE_OBJC_ARC = YES;
				CODE_SIGN_IDENTITY = "iPhone Developer: Norm Barnard (49A67976WA)";
				"CODE_SIGN_IDENTITY[sdk=iphoneos*]" = "iPhone Distribution: Norman Barnard";
				COPY_PHASE_STRIP = YES;
				GCC_PRECOMPILE_PREFIX_HEADER = YES;
				GCC_PREFIX_HEADER = ListMonster_Prefix.pch;
				INFOPLIST_FILE = "ListMonster-Info.plist";
				PRODUCT_NAME = SnapList;
				PROVISIONING_PROFILE = "135E23B1-4127-4499-B5CA-3EE776B59514";
				"PROVISIONING_PROFILE[sdk=iphoneos*]" = "4558494A-68A9-4320-877B-3C3EABEA6000";
				VALIDATE_PRODUCT = YES;
			};
			name = Release;
		};
		C01FCF4F08A954540054247B /* Debug */ = {
			isa = XCBuildConfiguration;
			buildSettings = {
				ARCHS = "$(ARCHS_STANDARD_32_BIT)";
				"CODE_SIGN_IDENTITY[sdk=iphoneos*]" = "iPhone Developer: Norm Barnard (49A67976WA)";
				GCC_C_LANGUAGE_STANDARD = c99;
				GCC_OPTIMIZATION_LEVEL = 0;
				GCC_VERSION = com.apple.compilers.llvm.clang.1_0;
				GCC_WARN_ABOUT_RETURN_TYPE = YES;
				GCC_WARN_UNUSED_VARIABLE = YES;
				IPHONEOS_DEPLOYMENT_TARGET = 5.0;
				OTHER_CFLAGS = "-DDEBUG";
				OTHER_LDFLAGS = "-licucore";
				"PROVISIONING_PROFILE[sdk=iphoneos*]" = "135E23B1-4127-4499-B5CA-3EE776B59514";
				SDKROOT = iphoneos;
			};
			name = Debug;
		};
		C01FCF5008A954540054247B /* Release */ = {
			isa = XCBuildConfiguration;
			buildSettings = {
				ARCHS = (
					armv6,
					"$(ARCHS_STANDARD_32_BIT)",
				);
				"CODE_SIGN_IDENTITY[sdk=iphoneos*]" = "iPhone Developer: Norm Barnard (49A67976WA)";
				GCC_C_LANGUAGE_STANDARD = c99;
				GCC_VERSION = com.apple.compilers.llvm.clang.1_0;
				GCC_WARN_ABOUT_RETURN_TYPE = YES;
				GCC_WARN_UNUSED_VARIABLE = YES;
				IPHONEOS_DEPLOYMENT_TARGET = 5.0;
				OTHER_CFLAGS = "-DNS_BLOCK_ASSERTIONS=1";
				OTHER_LDFLAGS = "-licucore";
				"PROVISIONING_PROFILE[sdk=iphoneos*]" = "135E23B1-4127-4499-B5CA-3EE776B59514";
				SDKROOT = iphoneos;
			};
			name = Release;
		};
/* End XCBuildConfiguration section */

/* Begin XCConfigurationList section */
		1D6058960D05DD3E006BFB54 /* Build configuration list for PBXNativeTarget "ListMonster" */ = {
			isa = XCConfigurationList;
			buildConfigurations = (
				1D6058940D05DD3E006BFB54 /* Debug */,
				1D6058950D05DD3E006BFB54 /* Release */,
			);
			defaultConfigurationIsVisible = 0;
			defaultConfigurationName = Release;
		};
		C01FCF4E08A954540054247B /* Build configuration list for PBXProject "ListMonster" */ = {
			isa = XCConfigurationList;
			buildConfigurations = (
				C01FCF4F08A954540054247B /* Debug */,
				C01FCF5008A954540054247B /* Release */,
			);
			defaultConfigurationIsVisible = 0;
			defaultConfigurationName = Release;
		};
/* End XCConfigurationList section */

/* Begin XCVersionGroup section */
		49C802F31496E5E20012C32E /* ListMonster.xcdatamodeld */ = {
			isa = XCVersionGroup;
			children = (
				49F78967165C5BA40063C0B3 /* ListMonster 7.xcdatamodel */,
				49836D9216362005006F8A1E /* ListMonster 6.xcdatamodel */,
				49C68AA61527ECE8007A062F /* ListMonster 5.xcdatamodel */,
				497D8A591516689800FE4BAE /* ListMonster 4.xcdatamodel */,
				495D5BE114BA8DDF0028E520 /* ListMonster 3.xcdatamodel */,
				49C802F41496E5E20012C32E /* ListMonster 2.xcdatamodel */,
				49C802F51496E5E20012C32E /* ListMonster.xcdatamodel */,
			);
			currentVersion = 49F78967165C5BA40063C0B3 /* ListMonster 7.xcdatamodel */;
			path = ListMonster.xcdatamodeld;
			sourceTree = "<group>";
			versionGroupType = wrapper.xcdatamodel;
		};
/* End XCVersionGroup section */
	};
	rootObject = 29B97313FDCFA39411CA2CEA /* Project object */;
}
