// !$*UTF8*$!
{
	archiveVersion = 1;
	classes = {
	};
	objectVersion = 45;
	objects = {

/* Begin PBXBuildFile section */
		1D3623260D0F684500981E51 /* ListMonsterAppDelegate.m in Sources */ = {isa = PBXBuildFile; fileRef = 1D3623250D0F684500981E51 /* ListMonsterAppDelegate.m */; };
		1D60589B0D05DD56006BFB54 /* main.m in Sources */ = {isa = PBXBuildFile; fileRef = 29B97316FDCFA39411CA2CEA /* main.m */; };
		1D60589F0D05DD5A006BFB54 /* Foundation.framework in Frameworks */ = {isa = PBXBuildFile; fileRef = 1D30AB110D05D00D00671497 /* Foundation.framework */; };
		1DF5F4E00D08C38300B7A737 /* UIKit.framework in Frameworks */ = {isa = PBXBuildFile; fileRef = 1DF5F4DF0D08C38300B7A737 /* UIKit.framework */; };
		288765FD0DF74451002DB57D /* CoreGraphics.framework in Frameworks */ = {isa = PBXBuildFile; fileRef = 288765FC0DF74451002DB57D /* CoreGraphics.framework */; };
		28AD733F0D9D9553002E5188 /* MainWindow.xib in Resources */ = {isa = PBXBuildFile; fileRef = 28AD733E0D9D9553002E5188 /* MainWindow.xib */; };
		491EBE5112EB744D0084BFCB /* ListNameViewController.m in Sources */ = {isa = PBXBuildFile; fileRef = 491EBE4F12EB744D0084BFCB /* ListNameViewController.m */; };
		491EBE5212EB744D0084BFCB /* ListNameView.xib in Resources */ = {isa = PBXBuildFile; fileRef = 491EBE5012EB744D0084BFCB /* ListNameView.xib */; };
		4955B03C1323031500722C3F /* ListCell.m in Sources */ = {isa = PBXBuildFile; fileRef = 4955B03B1323031500722C3F /* ListCell.m */; };
		4955B03E1323033E00722C3F /* ListCell.xib in Resources */ = {isa = PBXBuildFile; fileRef = 4955B03D1323033E00722C3F /* ListCell.xib */; };
		4959AB0613104B460039ACAC /* EditTextViewController.m in Sources */ = {isa = PBXBuildFile; fileRef = 4959AB0413104B460039ACAC /* EditTextViewController.m */; };
		4959AB0713104B460039ACAC /* EditTextView.xib in Resources */ = {isa = PBXBuildFile; fileRef = 4959AB0513104B460039ACAC /* EditTextView.xib */; };
		495D8413130E088800933720 /* EditListItemViewController.m in Sources */ = {isa = PBXBuildFile; fileRef = 495D8412130E088800933720 /* EditListItemViewController.m */; };
		495EABF913083F5700F4A64E /* ListItemsViewController.m in Sources */ = {isa = PBXBuildFile; fileRef = 495EABF713083F5700F4A64E /* ListItemsViewController.m */; };
		495EABFA13083F5700F4A64E /* ListItemsView.xib in Resources */ = {isa = PBXBuildFile; fileRef = 495EABF813083F5700F4A64E /* ListItemsView.xib */; };
		495EAC1913086F7000F4A64E /* NewListItemViewController.m in Sources */ = {isa = PBXBuildFile; fileRef = 495EAC1713086F7000F4A64E /* NewListItemViewController.m */; };
		495EAC31130882E900F4A64E /* NSNumberExtensions.m in Sources */ = {isa = PBXBuildFile; fileRef = 495EAC30130882E900F4A64E /* NSNumberExtensions.m */; };
		498D73B112EE5267001F9364 /* CategorySelectViewController.m in Sources */ = {isa = PBXBuildFile; fileRef = 498D73B012EE5267001F9364 /* CategorySelectViewController.m */; };
		499CDAED13356AA00099F3C9 /* redButton.png in Resources */ = {isa = PBXBuildFile; fileRef = 499CDAEB13356AA00099F3C9 /* redButton.png */; };
		499CDAEE13356AA00099F3C9 /* whiteButton.png in Resources */ = {isa = PBXBuildFile; fileRef = 499CDAEC13356AA00099F3C9 /* whiteButton.png */; };
		499CDB0C1335721C0099F3C9 /* radio-off.png in Resources */ = {isa = PBXBuildFile; fileRef = 499CDB0A1335721C0099F3C9 /* radio-off.png */; };
		499CDB0D1335721C0099F3C9 /* radio-on.png in Resources */ = {isa = PBXBuildFile; fileRef = 499CDB0B1335721C0099F3C9 /* radio-on.png */; };
		499F4E08133AC4920048D35B /* Icon.png in Resources */ = {isa = PBXBuildFile; fileRef = 499F4E06133AC4920048D35B /* Icon.png */; };
		499F4E09133AC4920048D35B /* Icon@2x.png in Resources */ = {isa = PBXBuildFile; fileRef = 499F4E07133AC4920048D35B /* Icon@2x.png */; };
		49A0205512E5256A005B1D0E /* EditListViewController.m in Sources */ = {isa = PBXBuildFile; fileRef = 49A0205412E5256A005B1D0E /* EditListViewController.m */; };
		49A0206B12E5276C005B1D0E /* RegexKitLite.m in Sources */ = {isa = PBXBuildFile; fileRef = 49A0206A12E5276C005B1D0E /* RegexKitLite.m */; };
		49A3E31012ECBF0A0081D54A /* ColorSelectViewController.m in Sources */ = {isa = PBXBuildFile; fileRef = 49A3E30E12ECBF0A0081D54A /* ColorSelectViewController.m */; };
		49AD7A4E12E380D9006E6AC6 /* Category.m in Sources */ = {isa = PBXBuildFile; fileRef = 49AD7A4D12E380D9006E6AC6 /* Category.m */; };
		49AD7A9012E39FF7006E6AC6 /* 0x000000.png in Resources */ = {isa = PBXBuildFile; fileRef = 49AD7A8812E39FF7006E6AC6 /* 0x000000.png */; };
		49AD7A9112E39FF7006E6AC6 /* 0x00b800.png in Resources */ = {isa = PBXBuildFile; fileRef = 49AD7A8912E39FF7006E6AC6 /* 0x00b800.png */; };
		49AD7A9212E39FF7006E6AC6 /* 0x0000ff.png in Resources */ = {isa = PBXBuildFile; fileRef = 49AD7A8A12E39FF7006E6AC6 /* 0x0000ff.png */; };
		49AD7A9312E39FF7006E6AC6 /* 0x009d9d.png in Resources */ = {isa = PBXBuildFile; fileRef = 49AD7A8B12E39FF7006E6AC6 /* 0x009d9d.png */; };
		49AD7A9412E39FF7006E6AC6 /* 0xb80000.png in Resources */ = {isa = PBXBuildFile; fileRef = 49AD7A8C12E39FF7006E6AC6 /* 0xb80000.png */; };
		49AD7A9512E39FF7006E6AC6 /* 0xc400c4.png in Resources */ = {isa = PBXBuildFile; fileRef = 49AD7A8D12E39FF7006E6AC6 /* 0xc400c4.png */; };
		49AD7A9612E39FF7006E6AC6 /* 0xe1a10b.png in Resources */ = {isa = PBXBuildFile; fileRef = 49AD7A8E12E39FF7006E6AC6 /* 0xe1a10b.png */; };
		49AD7A9712E39FF7006E6AC6 /* 0xff5c00.png in Resources */ = {isa = PBXBuildFile; fileRef = 49AD7A8F12E39FF7006E6AC6 /* 0xff5c00.png */; };
		49AD7B1B12E3DB45006E6AC6 /* Alerts.m in Sources */ = {isa = PBXBuildFile; fileRef = 49AD7B1A12E3DB45006E6AC6 /* Alerts.m */; };
		49BCF2FF134E9884009A48DC /* listmonster.sqlite in Resources */ = {isa = PBXBuildFile; fileRef = 49BCF2FE134E9884009A48DC /* listmonster.sqlite */; };
		49BEEBD312EBC3680088707A /* ListColor.m in Sources */ = {isa = PBXBuildFile; fileRef = 49BEEBD212EBC3680088707A /* ListColor.m */; };
		49EAC1DA131AED39003738FD /* EditCategoryViewController.m in Sources */ = {isa = PBXBuildFile; fileRef = 49EAC1D8131AED39003738FD /* EditCategoryViewController.m */; };
		49EAC1DB131AED39003738FD /* EditCategoryView.xib in Resources */ = {isa = PBXBuildFile; fileRef = 49EAC1D9131AED39003738FD /* EditCategoryView.xib */; };
		49F180E312C914340066B454 /* CoreData.framework in Frameworks */ = {isa = PBXBuildFile; fileRef = 49F180E212C914340066B454 /* CoreData.framework */; };
		49F180E712C9153A0066B454 /* ListMonster.xcdatamodel in Sources */ = {isa = PBXBuildFile; fileRef = 49F180E612C9153A0066B454 /* ListMonster.xcdatamodel */; };
		49F180ED12C91CA40066B454 /* MetaListItem.m in Sources */ = {isa = PBXBuildFile; fileRef = 49F180EC12C91CA40066B454 /* MetaListItem.m */; };
		49F180F012C920AD0066B454 /* MetaList.m in Sources */ = {isa = PBXBuildFile; fileRef = 49F180EF12C920AD0066B454 /* MetaList.m */; };
		49F1812312C9364E0066B454 /* NSArrayExtensions.m in Sources */ = {isa = PBXBuildFile; fileRef = 49F1812212C9364E0066B454 /* NSArrayExtensions.m */; };
		49F1812612C9366A0066B454 /* NSStringExtensions.m in Sources */ = {isa = PBXBuildFile; fileRef = 49F1812512C9366A0066B454 /* NSStringExtensions.m */; };
		49F1814B12C958F20066B454 /* RootViewController.m in Sources */ = {isa = PBXBuildFile; fileRef = 49F1814912C958F20066B454 /* RootViewController.m */; };
		49F1814E12C959B50066B454 /* RootView.xib in Resources */ = {isa = PBXBuildFile; fileRef = 49F1814D12C959B50066B454 /* RootView.xib */; };
/* End PBXBuildFile section */

/* Begin PBXFileReference section */
		1D30AB110D05D00D00671497 /* Foundation.framework */ = {isa = PBXFileReference; lastKnownFileType = wrapper.framework; name = Foundation.framework; path = System/Library/Frameworks/Foundation.framework; sourceTree = SDKROOT; };
		1D3623240D0F684500981E51 /* ListMonsterAppDelegate.h */ = {isa = PBXFileReference; fileEncoding = 4; lastKnownFileType = sourcecode.c.h; path = ListMonsterAppDelegate.h; sourceTree = "<group>"; };
		1D3623250D0F684500981E51 /* ListMonsterAppDelegate.m */ = {isa = PBXFileReference; fileEncoding = 4; lastKnownFileType = sourcecode.c.objc; path = ListMonsterAppDelegate.m; sourceTree = "<group>"; };
		1D6058910D05DD3D006BFB54 /* SnapList.app */ = {isa = PBXFileReference; explicitFileType = wrapper.application; includeInIndex = 0; path = SnapList.app; sourceTree = BUILT_PRODUCTS_DIR; };
		1DF5F4DF0D08C38300B7A737 /* UIKit.framework */ = {isa = PBXFileReference; lastKnownFileType = wrapper.framework; name = UIKit.framework; path = System/Library/Frameworks/UIKit.framework; sourceTree = SDKROOT; };
		288765FC0DF74451002DB57D /* CoreGraphics.framework */ = {isa = PBXFileReference; lastKnownFileType = wrapper.framework; name = CoreGraphics.framework; path = System/Library/Frameworks/CoreGraphics.framework; sourceTree = SDKROOT; };
		28AD733E0D9D9553002E5188 /* MainWindow.xib */ = {isa = PBXFileReference; lastKnownFileType = file.xib; path = MainWindow.xib; sourceTree = "<group>"; };
		29B97316FDCFA39411CA2CEA /* main.m */ = {isa = PBXFileReference; fileEncoding = 4; lastKnownFileType = sourcecode.c.objc; path = main.m; sourceTree = "<group>"; };
		32CA4F630368D1EE00C91783 /* ListMonster_Prefix.pch */ = {isa = PBXFileReference; fileEncoding = 4; lastKnownFileType = sourcecode.c.h; path = ListMonster_Prefix.pch; sourceTree = "<group>"; };
		491EBE4E12EB744D0084BFCB /* ListNameViewController.h */ = {isa = PBXFileReference; fileEncoding = 4; lastKnownFileType = sourcecode.c.h; path = ListNameViewController.h; sourceTree = "<group>"; };
		491EBE4F12EB744D0084BFCB /* ListNameViewController.m */ = {isa = PBXFileReference; fileEncoding = 4; lastKnownFileType = sourcecode.c.objc; path = ListNameViewController.m; sourceTree = "<group>"; };
		491EBE5012EB744D0084BFCB /* ListNameView.xib */ = {isa = PBXFileReference; lastKnownFileType = file.xib; name = ListNameView.xib; path = Classes/ListNameView.xib; sourceTree = "<group>"; };
		4955B03A1323031500722C3F /* ListCell.h */ = {isa = PBXFileReference; fileEncoding = 4; lastKnownFileType = sourcecode.c.h; path = ListCell.h; sourceTree = "<group>"; };
		4955B03B1323031500722C3F /* ListCell.m */ = {isa = PBXFileReference; fileEncoding = 4; lastKnownFileType = sourcecode.c.objc; path = ListCell.m; sourceTree = "<group>"; };
		4955B03D1323033E00722C3F /* ListCell.xib */ = {isa = PBXFileReference; lastKnownFileType = file.xib; path = ListCell.xib; sourceTree = "<group>"; };
		4959AB0313104B460039ACAC /* EditTextViewController.h */ = {isa = PBXFileReference; fileEncoding = 4; lastKnownFileType = sourcecode.c.h; path = EditTextViewController.h; sourceTree = "<group>"; };
		4959AB0413104B460039ACAC /* EditTextViewController.m */ = {isa = PBXFileReference; fileEncoding = 4; lastKnownFileType = sourcecode.c.objc; path = EditTextViewController.m; sourceTree = "<group>"; };
		4959AB0513104B460039ACAC /* EditTextView.xib */ = {isa = PBXFileReference; lastKnownFileType = file.xib; name = EditTextView.xib; path = Classes/EditTextView.xib; sourceTree = "<group>"; };
		495D8411130E088800933720 /* EditListItemViewController.h */ = {isa = PBXFileReference; fileEncoding = 4; lastKnownFileType = sourcecode.c.h; path = EditListItemViewController.h; sourceTree = "<group>"; };
		495D8412130E088800933720 /* EditListItemViewController.m */ = {isa = PBXFileReference; fileEncoding = 4; lastKnownFileType = sourcecode.c.objc; path = EditListItemViewController.m; sourceTree = "<group>"; };
		495EABF613083F5700F4A64E /* ListItemsViewController.h */ = {isa = PBXFileReference; fileEncoding = 4; lastKnownFileType = sourcecode.c.h; path = ListItemsViewController.h; sourceTree = "<group>"; };
		495EABF713083F5700F4A64E /* ListItemsViewController.m */ = {isa = PBXFileReference; fileEncoding = 4; lastKnownFileType = sourcecode.c.objc; path = ListItemsViewController.m; sourceTree = "<group>"; };
		495EABF813083F5700F4A64E /* ListItemsView.xib */ = {isa = PBXFileReference; lastKnownFileType = file.xib; name = ListItemsView.xib; path = Classes/ListItemsView.xib; sourceTree = "<group>"; };
		495EAC1613086F7000F4A64E /* NewListItemViewController.h */ = {isa = PBXFileReference; fileEncoding = 4; lastKnownFileType = sourcecode.c.h; path = NewListItemViewController.h; sourceTree = "<group>"; };
		495EAC1713086F7000F4A64E /* NewListItemViewController.m */ = {isa = PBXFileReference; fileEncoding = 4; lastKnownFileType = sourcecode.c.objc; path = NewListItemViewController.m; sourceTree = "<group>"; };
		495EAC2F130882E900F4A64E /* NSNumberExtensions.h */ = {isa = PBXFileReference; fileEncoding = 4; lastKnownFileType = sourcecode.c.h; path = NSNumberExtensions.h; sourceTree = "<group>"; };
		495EAC30130882E900F4A64E /* NSNumberExtensions.m */ = {isa = PBXFileReference; fileEncoding = 4; lastKnownFileType = sourcecode.c.objc; path = NSNumberExtensions.m; sourceTree = "<group>"; };
		498D73AF12EE5267001F9364 /* CategorySelectViewController.h */ = {isa = PBXFileReference; fileEncoding = 4; lastKnownFileType = sourcecode.c.h; path = CategorySelectViewController.h; sourceTree = "<group>"; };
		498D73B012EE5267001F9364 /* CategorySelectViewController.m */ = {isa = PBXFileReference; fileEncoding = 4; lastKnownFileType = sourcecode.c.objc; path = CategorySelectViewController.m; sourceTree = "<group>"; };
		499CDAEB13356AA00099F3C9 /* redButton.png */ = {isa = PBXFileReference; lastKnownFileType = image.png; path = redButton.png; sourceTree = "<group>"; };
		499CDAEC13356AA00099F3C9 /* whiteButton.png */ = {isa = PBXFileReference; lastKnownFileType = image.png; path = whiteButton.png; sourceTree = "<group>"; };
		499CDB0A1335721C0099F3C9 /* radio-off.png */ = {isa = PBXFileReference; lastKnownFileType = image.png; path = "radio-off.png"; sourceTree = "<group>"; };
		499CDB0B1335721C0099F3C9 /* radio-on.png */ = {isa = PBXFileReference; lastKnownFileType = image.png; path = "radio-on.png"; sourceTree = "<group>"; };
		499F4E06133AC4920048D35B /* Icon.png */ = {isa = PBXFileReference; lastKnownFileType = image.png; path = Icon.png; sourceTree = "<group>"; };
		499F4E07133AC4920048D35B /* Icon@2x.png */ = {isa = PBXFileReference; lastKnownFileType = image.png; path = "Icon@2x.png"; sourceTree = "<group>"; };
		49A0205312E5256A005B1D0E /* EditListViewController.h */ = {isa = PBXFileReference; fileEncoding = 4; lastKnownFileType = sourcecode.c.h; path = EditListViewController.h; sourceTree = "<group>"; };
		49A0205412E5256A005B1D0E /* EditListViewController.m */ = {isa = PBXFileReference; fileEncoding = 4; lastKnownFileType = sourcecode.c.objc; path = EditListViewController.m; sourceTree = "<group>"; };
		49A0206912E5276C005B1D0E /* RegexKitLite.h */ = {isa = PBXFileReference; fileEncoding = 4; lastKnownFileType = sourcecode.c.h; path = RegexKitLite.h; sourceTree = "<group>"; };
		49A0206A12E5276C005B1D0E /* RegexKitLite.m */ = {isa = PBXFileReference; fileEncoding = 4; lastKnownFileType = sourcecode.c.objc; path = RegexKitLite.m; sourceTree = "<group>"; };
		49A3E30D12ECBF0A0081D54A /* ColorSelectViewController.h */ = {isa = PBXFileReference; fileEncoding = 4; lastKnownFileType = sourcecode.c.h; path = ColorSelectViewController.h; sourceTree = "<group>"; };
		49A3E30E12ECBF0A0081D54A /* ColorSelectViewController.m */ = {isa = PBXFileReference; fileEncoding = 4; lastKnownFileType = sourcecode.c.objc; path = ColorSelectViewController.m; sourceTree = "<group>"; };
		49AD7A4C12E380D9006E6AC6 /* Category.h */ = {isa = PBXFileReference; fileEncoding = 4; lastKnownFileType = sourcecode.c.h; path = Category.h; sourceTree = "<group>"; };
		49AD7A4D12E380D9006E6AC6 /* Category.m */ = {isa = PBXFileReference; fileEncoding = 4; lastKnownFileType = sourcecode.c.objc; path = Category.m; sourceTree = "<group>"; };
		49AD7A8812E39FF7006E6AC6 /* 0x000000.png */ = {isa = PBXFileReference; lastKnownFileType = image.png; path = 0x000000.png; sourceTree = "<group>"; };
		49AD7A8912E39FF7006E6AC6 /* 0x00b800.png */ = {isa = PBXFileReference; lastKnownFileType = image.png; path = 0x00b800.png; sourceTree = "<group>"; };
		49AD7A8A12E39FF7006E6AC6 /* 0x0000ff.png */ = {isa = PBXFileReference; lastKnownFileType = image.png; path = 0x0000ff.png; sourceTree = "<group>"; };
		49AD7A8B12E39FF7006E6AC6 /* 0x009d9d.png */ = {isa = PBXFileReference; lastKnownFileType = image.png; path = 0x009d9d.png; sourceTree = "<group>"; };
		49AD7A8C12E39FF7006E6AC6 /* 0xb80000.png */ = {isa = PBXFileReference; lastKnownFileType = image.png; path = 0xb80000.png; sourceTree = "<group>"; };
		49AD7A8D12E39FF7006E6AC6 /* 0xc400c4.png */ = {isa = PBXFileReference; lastKnownFileType = image.png; path = 0xc400c4.png; sourceTree = "<group>"; };
		49AD7A8E12E39FF7006E6AC6 /* 0xe1a10b.png */ = {isa = PBXFileReference; lastKnownFileType = image.png; path = 0xe1a10b.png; sourceTree = "<group>"; };
		49AD7A8F12E39FF7006E6AC6 /* 0xff5c00.png */ = {isa = PBXFileReference; lastKnownFileType = image.png; path = 0xff5c00.png; sourceTree = "<group>"; };
		49AD7B1912E3DB45006E6AC6 /* Alerts.h */ = {isa = PBXFileReference; fileEncoding = 4; lastKnownFileType = sourcecode.c.h; path = Alerts.h; sourceTree = "<group>"; };
		49AD7B1A12E3DB45006E6AC6 /* Alerts.m */ = {isa = PBXFileReference; fileEncoding = 4; lastKnownFileType = sourcecode.c.objc; path = Alerts.m; sourceTree = "<group>"; };
		49BCF2FE134E9884009A48DC /* listmonster.sqlite */ = {isa = PBXFileReference; lastKnownFileType = file; path = listmonster.sqlite; sourceTree = "<group>"; };
		49BEEBD112EBC3680088707A /* ListColor.h */ = {isa = PBXFileReference; fileEncoding = 4; lastKnownFileType = sourcecode.c.h; path = ListColor.h; sourceTree = "<group>"; };
		49BEEBD212EBC3680088707A /* ListColor.m */ = {isa = PBXFileReference; fileEncoding = 4; lastKnownFileType = sourcecode.c.objc; path = ListColor.m; sourceTree = "<group>"; };
		49EAC1D7131AED39003738FD /* EditCategoryViewController.h */ = {isa = PBXFileReference; fileEncoding = 4; lastKnownFileType = sourcecode.c.h; path = EditCategoryViewController.h; sourceTree = "<group>"; };
		49EAC1D8131AED39003738FD /* EditCategoryViewController.m */ = {isa = PBXFileReference; fileEncoding = 4; lastKnownFileType = sourcecode.c.objc; path = EditCategoryViewController.m; sourceTree = "<group>"; };
		49EAC1D9131AED39003738FD /* EditCategoryView.xib */ = {isa = PBXFileReference; lastKnownFileType = file.xib; name = EditCategoryView.xib; path = Classes/EditCategoryView.xib; sourceTree = "<group>"; };
		49F180E212C914340066B454 /* CoreData.framework */ = {isa = PBXFileReference; lastKnownFileType = wrapper.framework; name = CoreData.framework; path = System/Library/Frameworks/CoreData.framework; sourceTree = SDKROOT; };
		49F180E612C9153A0066B454 /* ListMonster.xcdatamodel */ = {isa = PBXFileReference; fileEncoding = 4; lastKnownFileType = wrapper.xcdatamodel; path = ListMonster.xcdatamodel; sourceTree = "<group>"; };
		49F180EB12C91CA40066B454 /* MetaListItem.h */ = {isa = PBXFileReference; fileEncoding = 4; lastKnownFileType = sourcecode.c.h; path = MetaListItem.h; sourceTree = "<group>"; };
		49F180EC12C91CA40066B454 /* MetaListItem.m */ = {isa = PBXFileReference; fileEncoding = 4; lastKnownFileType = sourcecode.c.objc; path = MetaListItem.m; sourceTree = "<group>"; };
		49F180EE12C920AD0066B454 /* MetaList.h */ = {isa = PBXFileReference; fileEncoding = 4; lastKnownFileType = sourcecode.c.h; path = MetaList.h; sourceTree = "<group>"; };
		49F180EF12C920AD0066B454 /* MetaList.m */ = {isa = PBXFileReference; fileEncoding = 4; lastKnownFileType = sourcecode.c.objc; path = MetaList.m; sourceTree = "<group>"; };
		49F180FA12C929880066B454 /* Common.h */ = {isa = PBXFileReference; fileEncoding = 4; lastKnownFileType = sourcecode.c.h; path = Common.h; sourceTree = "<group>"; };
		49F1812112C9364E0066B454 /* NSArrayExtensions.h */ = {isa = PBXFileReference; fileEncoding = 4; lastKnownFileType = sourcecode.c.h; path = NSArrayExtensions.h; sourceTree = "<group>"; };
		49F1812212C9364E0066B454 /* NSArrayExtensions.m */ = {isa = PBXFileReference; fileEncoding = 4; lastKnownFileType = sourcecode.c.objc; path = NSArrayExtensions.m; sourceTree = "<group>"; };
		49F1812412C9366A0066B454 /* NSStringExtensions.h */ = {isa = PBXFileReference; fileEncoding = 4; lastKnownFileType = sourcecode.c.h; path = NSStringExtensions.h; sourceTree = "<group>"; };
		49F1812512C9366A0066B454 /* NSStringExtensions.m */ = {isa = PBXFileReference; fileEncoding = 4; lastKnownFileType = sourcecode.c.objc; path = NSStringExtensions.m; sourceTree = "<group>"; };
		49F1814812C958F20066B454 /* RootViewController.h */ = {isa = PBXFileReference; fileEncoding = 4; lastKnownFileType = sourcecode.c.h; path = RootViewController.h; sourceTree = "<group>"; };
		49F1814912C958F20066B454 /* RootViewController.m */ = {isa = PBXFileReference; fileEncoding = 4; lastKnownFileType = sourcecode.c.objc; path = RootViewController.m; sourceTree = "<group>"; };
		49F1814A12C958F20066B454 /* English */ = {isa = PBXFileReference; lastKnownFileType = file.xib; name = English; path = Classes/English.lproj/RootView.xib; sourceTree = "<group>"; };
		8D1107310486CEB800E47090 /* ListMonster-Info.plist */ = {isa = PBXFileReference; fileEncoding = 4; lastKnownFileType = text.plist.xml; path = "ListMonster-Info.plist"; plistStructureDefinitionIdentifier = "com.apple.xcode.plist.structure-definition.iphone.info-plist"; sourceTree = "<group>"; };
/* End PBXFileReference section */

/* Begin PBXFrameworksBuildPhase section */
		1D60588F0D05DD3D006BFB54 /* Frameworks */ = {
			isa = PBXFrameworksBuildPhase;
			buildActionMask = 2147483647;
			files = (
				1D60589F0D05DD5A006BFB54 /* Foundation.framework in Frameworks */,
				1DF5F4E00D08C38300B7A737 /* UIKit.framework in Frameworks */,
				288765FD0DF74451002DB57D /* CoreGraphics.framework in Frameworks */,
				49F180E312C914340066B454 /* CoreData.framework in Frameworks */,
			);
			runOnlyForDeploymentPostprocessing = 0;
		};
/* End PBXFrameworksBuildPhase section */

/* Begin PBXGroup section */
		080E96DDFE201D6D7F000001 /* Classes */ = {
			isa = PBXGroup;
			children = (
				4955B038132302BC00722C3F /* Custom Table Cells */,
				49AD7B1912E3DB45006E6AC6 /* Alerts.h */,
				49AD7B1A12E3DB45006E6AC6 /* Alerts.m */,
				49F1810F12C935FB0066B454 /* Categories */,
				49F180EA12C91C800066B454 /* CoreDataModels */,
				1D3623240D0F684500981E51 /* ListMonsterAppDelegate.h */,
				1D3623250D0F684500981E51 /* ListMonsterAppDelegate.m */,
				49BEEBC312EBBF8F0088707A /* Objects */,
				49A0206812E52756005B1D0E /* ThirdParty */,
				49F1814712C958880066B454 /* ViewControllers */,
			);
			path = Classes;
			sourceTree = "<group>";
		};
		19C28FACFE9D520D11CA2CBB /* Products */ = {
			isa = PBXGroup;
			children = (
				1D6058910D05DD3D006BFB54 /* SnapList.app */,
			);
			name = Products;
			sourceTree = "<group>";
		};
		29B97314FDCFA39411CA2CEA /* CustomTemplate */ = {
			isa = PBXGroup;
			children = (
				080E96DDFE201D6D7F000001 /* Classes */,
				29B97315FDCFA39411CA2CEA /* Other Sources */,
				29B97317FDCFA39411CA2CEA /* Resources */,
				29B97323FDCFA39411CA2CEA /* Frameworks */,
				19C28FACFE9D520D11CA2CBB /* Products */,
			);
			name = CustomTemplate;
			sourceTree = "<group>";
		};
		29B97315FDCFA39411CA2CEA /* Other Sources */ = {
			isa = PBXGroup;
			children = (
				49F180FA12C929880066B454 /* Common.h */,
				32CA4F630368D1EE00C91783 /* ListMonster_Prefix.pch */,
				29B97316FDCFA39411CA2CEA /* main.m */,
			);
			name = "Other Sources";
			sourceTree = "<group>";
		};
		29B97317FDCFA39411CA2CEA /* Resources */ = {
			isa = PBXGroup;
			children = (
				49BCF2FE134E9884009A48DC /* listmonster.sqlite */,
				499F4E06133AC4920048D35B /* Icon.png */,
				499F4E07133AC4920048D35B /* Icon@2x.png */,
				499CDB0A1335721C0099F3C9 /* radio-off.png */,
				499CDB0B1335721C0099F3C9 /* radio-on.png */,
				499CDAEB13356AA00099F3C9 /* redButton.png */,
				499CDAEC13356AA00099F3C9 /* whiteButton.png */,
				49AD7A8712E39FDD006E6AC6 /* ColorSwatches */,
				49EAC1D9131AED39003738FD /* EditCategoryView.xib */,
				4959AB0513104B460039ACAC /* EditTextView.xib */,
				495EABF813083F5700F4A64E /* ListItemsView.xib */,
				8D1107310486CEB800E47090 /* ListMonster-Info.plist */,
				49F180E612C9153A0066B454 /* ListMonster.xcdatamodel */,
				491EBE5012EB744D0084BFCB /* ListNameView.xib */,
				28AD733E0D9D9553002E5188 /* MainWindow.xib */,
				49F1814D12C959B50066B454 /* RootView.xib */,
				4955B03D1323033E00722C3F /* ListCell.xib */,
			);
			name = Resources;
			sourceTree = "<group>";
		};
		29B97323FDCFA39411CA2CEA /* Frameworks */ = {
			isa = PBXGroup;
			children = (
				1DF5F4DF0D08C38300B7A737 /* UIKit.framework */,
				1D30AB110D05D00D00671497 /* Foundation.framework */,
				288765FC0DF74451002DB57D /* CoreGraphics.framework */,
				49F180E212C914340066B454 /* CoreData.framework */,
			);
			name = Frameworks;
			sourceTree = "<group>";
		};
		4955B038132302BC00722C3F /* Custom Table Cells */ = {
			isa = PBXGroup;
			children = (
				4955B03A1323031500722C3F /* ListCell.h */,
				4955B03B1323031500722C3F /* ListCell.m */,
			);
			name = "Custom Table Cells";
			sourceTree = "<group>";
		};
		49A0206812E52756005B1D0E /* ThirdParty */ = {
			isa = PBXGroup;
			children = (
				49A0206912E5276C005B1D0E /* RegexKitLite.h */,
				49A0206A12E5276C005B1D0E /* RegexKitLite.m */,
			);
			name = ThirdParty;
			sourceTree = "<group>";
		};
		49AD7A8712E39FDD006E6AC6 /* ColorSwatches */ = {
			isa = PBXGroup;
			children = (
				49AD7A8812E39FF7006E6AC6 /* 0x000000.png */,
				49AD7A8912E39FF7006E6AC6 /* 0x00b800.png */,
				49AD7A8A12E39FF7006E6AC6 /* 0x0000ff.png */,
				49AD7A8B12E39FF7006E6AC6 /* 0x009d9d.png */,
				49AD7A8C12E39FF7006E6AC6 /* 0xb80000.png */,
				49AD7A8D12E39FF7006E6AC6 /* 0xc400c4.png */,
				49AD7A8E12E39FF7006E6AC6 /* 0xe1a10b.png */,
				49AD7A8F12E39FF7006E6AC6 /* 0xff5c00.png */,
			);
			name = ColorSwatches;
			sourceTree = "<group>";
		};
		49BEEBC312EBBF8F0088707A /* Objects */ = {
			isa = PBXGroup;
			children = (
			);
			name = Objects;
			sourceTree = "<group>";
		};
		49F180EA12C91C800066B454 /* CoreDataModels */ = {
			isa = PBXGroup;
			children = (
				49F180EB12C91CA40066B454 /* MetaListItem.h */,
				49F180EC12C91CA40066B454 /* MetaListItem.m */,
				49F180EE12C920AD0066B454 /* MetaList.h */,
				49F180EF12C920AD0066B454 /* MetaList.m */,
				49AD7A4C12E380D9006E6AC6 /* Category.h */,
				49AD7A4D12E380D9006E6AC6 /* Category.m */,
				49BEEBD112EBC3680088707A /* ListColor.h */,
				49BEEBD212EBC3680088707A /* ListColor.m */,
			);
			name = CoreDataModels;
			sourceTree = "<group>";
		};
		49F1810F12C935FB0066B454 /* Categories */ = {
			isa = PBXGroup;
			children = (
				49F1812112C9364E0066B454 /* NSArrayExtensions.h */,
				49F1812212C9364E0066B454 /* NSArrayExtensions.m */,
				49F1812412C9366A0066B454 /* NSStringExtensions.h */,
				49F1812512C9366A0066B454 /* NSStringExtensions.m */,
				495EAC2F130882E900F4A64E /* NSNumberExtensions.h */,
				495EAC30130882E900F4A64E /* NSNumberExtensions.m */,
			);
			name = Categories;
			sourceTree = "<group>";
		};
		49F1814712C958880066B454 /* ViewControllers */ = {
			isa = PBXGroup;
			children = (
				49F1814812C958F20066B454 /* RootViewController.h */,
				49F1814912C958F20066B454 /* RootViewController.m */,
				49A0205312E5256A005B1D0E /* EditListViewController.h */,
				49A0205412E5256A005B1D0E /* EditListViewController.m */,
				491EBE4E12EB744D0084BFCB /* ListNameViewController.h */,
				491EBE4F12EB744D0084BFCB /* ListNameViewController.m */,
				49A3E30D12ECBF0A0081D54A /* ColorSelectViewController.h */,
				49A3E30E12ECBF0A0081D54A /* ColorSelectViewController.m */,
				498D73AF12EE5267001F9364 /* CategorySelectViewController.h */,
				498D73B012EE5267001F9364 /* CategorySelectViewController.m */,
				495EABF613083F5700F4A64E /* ListItemsViewController.h */,
				495EABF713083F5700F4A64E /* ListItemsViewController.m */,
				495EAC1613086F7000F4A64E /* NewListItemViewController.h */,
				495EAC1713086F7000F4A64E /* NewListItemViewController.m */,
				495D8411130E088800933720 /* EditListItemViewController.h */,
				495D8412130E088800933720 /* EditListItemViewController.m */,
				4959AB0313104B460039ACAC /* EditTextViewController.h */,
				4959AB0413104B460039ACAC /* EditTextViewController.m */,
				49EAC1D7131AED39003738FD /* EditCategoryViewController.h */,
				49EAC1D8131AED39003738FD /* EditCategoryViewController.m */,
			);
			name = ViewControllers;
			sourceTree = "<group>";
		};
/* End PBXGroup section */

/* Begin PBXNativeTarget section */
		1D6058900D05DD3D006BFB54 /* ListMonster */ = {
			isa = PBXNativeTarget;
			buildConfigurationList = 1D6058960D05DD3E006BFB54 /* Build configuration list for PBXNativeTarget "ListMonster" */;
			buildPhases = (
				1D60588D0D05DD3D006BFB54 /* Resources */,
				1D60588E0D05DD3D006BFB54 /* Sources */,
				1D60588F0D05DD3D006BFB54 /* Frameworks */,
			);
			buildRules = (
			);
			dependencies = (
			);
			name = ListMonster;
			productName = ListMonster;
			productReference = 1D6058910D05DD3D006BFB54 /* SnapList.app */;
			productType = "com.apple.product-type.application";
		};
/* End PBXNativeTarget section */

/* Begin PBXProject section */
		29B97313FDCFA39411CA2CEA /* Project object */ = {
			isa = PBXProject;
			buildConfigurationList = C01FCF4E08A954540054247B /* Build configuration list for PBXProject "ListMonster" */;
			compatibilityVersion = "Xcode 3.1";
			developmentRegion = English;
			hasScannedForEncodings = 1;
			knownRegions = (
				English,
				Japanese,
				French,
				German,
			);
			mainGroup = 29B97314FDCFA39411CA2CEA /* CustomTemplate */;
			projectDirPath = "";
			projectRoot = "";
			targets = (
				1D6058900D05DD3D006BFB54 /* ListMonster */,
			);
		};
/* End PBXProject section */

/* Begin PBXResourcesBuildPhase section */
		1D60588D0D05DD3D006BFB54 /* Resources */ = {
			isa = PBXResourcesBuildPhase;
			buildActionMask = 2147483647;
			files = (
				28AD733F0D9D9553002E5188 /* MainWindow.xib in Resources */,
				49F1814E12C959B50066B454 /* RootView.xib in Resources */,
				49AD7A9012E39FF7006E6AC6 /* 0x000000.png in Resources */,
				49AD7A9112E39FF7006E6AC6 /* 0x00b800.png in Resources */,
				49AD7A9212E39FF7006E6AC6 /* 0x0000ff.png in Resources */,
				49AD7A9312E39FF7006E6AC6 /* 0x009d9d.png in Resources */,
				49AD7A9412E39FF7006E6AC6 /* 0xb80000.png in Resources */,
				49AD7A9512E39FF7006E6AC6 /* 0xc400c4.png in Resources */,
				49AD7A9612E39FF7006E6AC6 /* 0xe1a10b.png in Resources */,
				49AD7A9712E39FF7006E6AC6 /* 0xff5c00.png in Resources */,
				491EBE5212EB744D0084BFCB /* ListNameView.xib in Resources */,
				495EABFA13083F5700F4A64E /* ListItemsView.xib in Resources */,
				4959AB0713104B460039ACAC /* EditTextView.xib in Resources */,
				49EAC1DB131AED39003738FD /* EditCategoryView.xib in Resources */,
				4955B03E1323033E00722C3F /* ListCell.xib in Resources */,
				499CDAED13356AA00099F3C9 /* redButton.png in Resources */,
				499CDAEE13356AA00099F3C9 /* whiteButton.png in Resources */,
				499CDB0C1335721C0099F3C9 /* radio-off.png in Resources */,
				499CDB0D1335721C0099F3C9 /* radio-on.png in Resources */,
				499F4E08133AC4920048D35B /* Icon.png in Resources */,
				499F4E09133AC4920048D35B /* Icon@2x.png in Resources */,
				49BCF2FF134E9884009A48DC /* listmonster.sqlite in Resources */,
			);
			runOnlyForDeploymentPostprocessing = 0;
		};
/* End PBXResourcesBuildPhase section */

/* Begin PBXSourcesBuildPhase section */
		1D60588E0D05DD3D006BFB54 /* Sources */ = {
			isa = PBXSourcesBuildPhase;
			buildActionMask = 2147483647;
			files = (
				1D60589B0D05DD56006BFB54 /* main.m in Sources */,
				1D3623260D0F684500981E51 /* ListMonsterAppDelegate.m in Sources */,
				49F180E712C9153A0066B454 /* ListMonster.xcdatamodel in Sources */,
				49F180ED12C91CA40066B454 /* MetaListItem.m in Sources */,
				49F180F012C920AD0066B454 /* MetaList.m in Sources */,
				49F1812312C9364E0066B454 /* NSArrayExtensions.m in Sources */,
				49F1812612C9366A0066B454 /* NSStringExtensions.m in Sources */,
				49F1814B12C958F20066B454 /* RootViewController.m in Sources */,
				49AD7A4E12E380D9006E6AC6 /* Category.m in Sources */,
				49AD7B1B12E3DB45006E6AC6 /* Alerts.m in Sources */,
				49A0205512E5256A005B1D0E /* EditListViewController.m in Sources */,
				49A0206B12E5276C005B1D0E /* RegexKitLite.m in Sources */,
				491EBE5112EB744D0084BFCB /* ListNameViewController.m in Sources */,
				49BEEBD312EBC3680088707A /* ListColor.m in Sources */,
				49A3E31012ECBF0A0081D54A /* ColorSelectViewController.m in Sources */,
				498D73B112EE5267001F9364 /* CategorySelectViewController.m in Sources */,
				495EABF913083F5700F4A64E /* ListItemsViewController.m in Sources */,
				495EAC1913086F7000F4A64E /* NewListItemViewController.m in Sources */,
				495EAC31130882E900F4A64E /* NSNumberExtensions.m in Sources */,
				495D8413130E088800933720 /* EditListItemViewController.m in Sources */,
				4959AB0613104B460039ACAC /* EditTextViewController.m in Sources */,
				49EAC1DA131AED39003738FD /* EditCategoryViewController.m in Sources */,
				4955B03C1323031500722C3F /* ListCell.m in Sources */,
			);
			runOnlyForDeploymentPostprocessing = 0;
		};
/* End PBXSourcesBuildPhase section */

/* Begin PBXVariantGroup section */
		49F1814D12C959B50066B454 /* RootView.xib */ = {
			isa = PBXVariantGroup;
			children = (
				49F1814A12C958F20066B454 /* English */,
			);
			name = RootView.xib;
			sourceTree = "<group>";
		};
/* End PBXVariantGroup section */

/* Begin XCBuildConfiguration section */
		1D6058940D05DD3E006BFB54 /* Debug */ = {
			isa = XCBuildConfiguration;
			buildSettings = {
				ALWAYS_SEARCH_USER_PATHS = NO;
				COPY_PHASE_STRIP = NO;
				GCC_DYNAMIC_NO_PIC = NO;
				GCC_OPTIMIZATION_LEVEL = 0;
				GCC_PRECOMPILE_PREFIX_HEADER = YES;
				GCC_PREFIX_HEADER = ListMonster_Prefix.pch;
				GCC_VERSION = com.apple.compilers.llvm.clang.1_0;
				INFOPLIST_FILE = "ListMonster-Info.plist";
				PRODUCT_NAME = SnapList;
			};
			name = Debug;
		};
		1D6058950D05DD3E006BFB54 /* Release */ = {
			isa = XCBuildConfiguration;
			buildSettings = {
				ALWAYS_SEARCH_USER_PATHS = NO;
				COPY_PHASE_STRIP = YES;
				GCC_PRECOMPILE_PREFIX_HEADER = YES;
				GCC_PREFIX_HEADER = ListMonster_Prefix.pch;
				INFOPLIST_FILE = "ListMonster-Info.plist";
				PRODUCT_NAME = SnapList;
				VALIDATE_PRODUCT = YES;
			};
			name = Release;
		};
		C01FCF4F08A954540054247B /* Debug */ = {
			isa = XCBuildConfiguration;
			buildSettings = {
				ARCHS = "$(ARCHS_STANDARD_32_BIT)";
				"CODE_SIGN_IDENTITY[sdk=iphoneos*]" = "iPhone Developer";
				GCC_C_LANGUAGE_STANDARD = c99;
				GCC_OPTIMIZATION_LEVEL = 0;
				GCC_WARN_ABOUT_RETURN_TYPE = YES;
				GCC_WARN_UNUSED_VARIABLE = YES;
				OTHER_CFLAGS = "-DDEBUG";
				OTHER_LDFLAGS = "-licucore";
				PREBINDING = NO;
				SDKROOT = iphoneos;
			};
			name = Debug;
		};
		C01FCF5008A954540054247B /* Release */ = {
			isa = XCBuildConfiguration;
			buildSettings = {
				ARCHS = "$(ARCHS_STANDARD_32_BIT)";
				"CODE_SIGN_IDENTITY[sdk=iphoneos*]" = "iPhone Developer";
				GCC_C_LANGUAGE_STANDARD = c99;
				GCC_WARN_ABOUT_RETURN_TYPE = YES;
				GCC_WARN_UNUSED_VARIABLE = YES;
				OTHER_CFLAGS = "-DNS_BLOCK_ASSERTIONS=1";
				OTHER_LDFLAGS = "-licucore";
				PREBINDING = NO;
				SDKROOT = iphoneos;
			};
			name = Release;
		};
/* End XCBuildConfiguration section */

/* Begin XCConfigurationList section */
		1D6058960D05DD3E006BFB54 /* Build configuration list for PBXNativeTarget "ListMonster" */ = {
			isa = XCConfigurationList;
			buildConfigurations = (
				1D6058940D05DD3E006BFB54 /* Debug */,
				1D6058950D05DD3E006BFB54 /* Release */,
			);
			defaultConfigurationIsVisible = 0;
			defaultConfigurationName = Release;
		};
		C01FCF4E08A954540054247B /* Build configuration list for PBXProject "ListMonster" */ = {
			isa = XCConfigurationList;
			buildConfigurations = (
				C01FCF4F08A954540054247B /* Debug */,
				C01FCF5008A954540054247B /* Release */,
			);
			defaultConfigurationIsVisible = 0;
			defaultConfigurationName = Release;
		};
/* End XCConfigurationList section */
	};
	rootObject = 29B97313FDCFA39411CA2CEA /* Project object */;
}
